// !$*UTF8*$!
{
	archiveVersion = 1;
	classes = {
	};
	objectVersion = 55;
	objects = {

/* Begin PBXBuildFile section */
		080EDEFB21B6DA7E00813479 /* EssentialFeed.framework in Frameworks */ = {isa = PBXBuildFile; fileRef = 080EDEF121B6DA7E00813479 /* EssentialFeed.framework */; };
		080EDF0C21B6DAE800813479 /* FeedImage.swift in Sources */ = {isa = PBXBuildFile; fileRef = 080EDF0B21B6DAE800813479 /* FeedImage.swift */; };
		080EDF0E21B6DCB600813479 /* FeedLoader.swift in Sources */ = {isa = PBXBuildFile; fileRef = 080EDF0D21B6DCB600813479 /* FeedLoader.swift */; };
		46C3F5EE2D1455C40047EB56 /* LoadFeedFromRemoteUseCaseTests.swift in Sources */ = {isa = PBXBuildFile; fileRef = 46C3F5ED2D1455C40047EB56 /* LoadFeedFromRemoteUseCaseTests.swift */; };
		46C3F6012D2697B50047EB56 /* RemoteFeedLoader.swift in Sources */ = {isa = PBXBuildFile; fileRef = 46C3F6002D2697B50047EB56 /* RemoteFeedLoader.swift */; };
		46C3F6032D2E534B0047EB56 /* HTTPClient.swift in Sources */ = {isa = PBXBuildFile; fileRef = 46C3F6022D2E534B0047EB56 /* HTTPClient.swift */; };
		46C3F6052D2E53A80047EB56 /* FeedItemsMapper.swift in Sources */ = {isa = PBXBuildFile; fileRef = 46C3F6042D2E53A80047EB56 /* FeedItemsMapper.swift */; };
		962A96B52D522230002FF9F3 /* CacheFeedUseCaseTests.swift in Sources */ = {isa = PBXBuildFile; fileRef = 962A96B42D522230002FF9F3 /* CacheFeedUseCaseTests.swift */; };
		962C5B4D2DA95EDF008CA3E8 /* MainQueueDispatchDecorator.swift in Sources */ = {isa = PBXBuildFile; fileRef = 962C5B4C2DA95EDF008CA3E8 /* MainQueueDispatchDecorator.swift */; };
		962C5B4F2DA95F3E008CA3E8 /* WeakRefVirtualProxy.swift in Sources */ = {isa = PBXBuildFile; fileRef = 962C5B4E2DA95F3E008CA3E8 /* WeakRefVirtualProxy.swift */; };
		962C5B512DA95F7F008CA3E8 /* FeedLoaderPresentationAdapter.swift in Sources */ = {isa = PBXBuildFile; fileRef = 962C5B502DA95F7F008CA3E8 /* FeedLoaderPresentationAdapter.swift */; };
		962C5B532DA95FA7008CA3E8 /* FeedImageDataLoaderPresentationAdapter.swift in Sources */ = {isa = PBXBuildFile; fileRef = 962C5B522DA95FA7008CA3E8 /* FeedImageDataLoaderPresentationAdapter.swift */; };
		962C5B552DA95FDD008CA3E8 /* FeedViewAdapter.swift in Sources */ = {isa = PBXBuildFile; fileRef = 962C5B542DA95FDD008CA3E8 /* FeedViewAdapter.swift */; };
		9640277B2D65B98300CB873B /* FeedStoreSpecs.swift in Sources */ = {isa = PBXBuildFile; fileRef = 9640277A2D65B98300CB873B /* FeedStoreSpecs.swift */; };
		9640277D2D65BA2A00CB873B /* XCTestCase+FeedStoreSpecs.swift in Sources */ = {isa = PBXBuildFile; fileRef = 9640277C2D65BA2A00CB873B /* XCTestCase+FeedStoreSpecs.swift */; };
		9640277F2D65BE6400CB873B /* XCTestCase+FailableRetrieveFeedStoreSpecs.swift in Sources */ = {isa = PBXBuildFile; fileRef = 9640277E2D65BE6400CB873B /* XCTestCase+FailableRetrieveFeedStoreSpecs.swift */; };
		964027812D65BF2500CB873B /* XCTestCase+FailableInsertFeedStoreSpecs.swift in Sources */ = {isa = PBXBuildFile; fileRef = 964027802D65BF2500CB873B /* XCTestCase+FailableInsertFeedStoreSpecs.swift */; };
		964027832D65BF8000CB873B /* XCTestCase+FailableDeleteFeedStoreSpecs.swift in Sources */ = {isa = PBXBuildFile; fileRef = 964027822D65BF8000CB873B /* XCTestCase+FailableDeleteFeedStoreSpecs.swift */; };
		964881762DB95B1A007E2D46 /* ErrorView.swift in Sources */ = {isa = PBXBuildFile; fileRef = 964881752DB95B1A007E2D46 /* ErrorView.swift */; };
		9648817B2DB95E51007E2D46 /* UIRefreshControlExtensions.swift in Sources */ = {isa = PBXBuildFile; fileRef = 9648817A2DB95E51007E2D46 /* UIRefreshControlExtensions.swift */; };
		9648817E2DB95FAC007E2D46 /* FeedPresenterTests.swift in Sources */ = {isa = PBXBuildFile; fileRef = 9648817D2DB95FAC007E2D46 /* FeedPresenterTests.swift */; };
		964881852DB97771007E2D46 /* FeedPresenter.swift in Sources */ = {isa = PBXBuildFile; fileRef = 964881842DB97771007E2D46 /* FeedPresenter.swift */; };
		964881862DB97892007E2D46 /* Feed.strings in Resources */ = {isa = PBXBuildFile; fileRef = 9648817F2DB9756C007E2D46 /* Feed.strings */; };
		964881882DB978E3007E2D46 /* FeedViewModel.swift in Sources */ = {isa = PBXBuildFile; fileRef = 964881872DB978E3007E2D46 /* FeedViewModel.swift */; };
		9648818A2DB978FE007E2D46 /* FeedLoadingViewModel.swift in Sources */ = {isa = PBXBuildFile; fileRef = 964881892DB978FE007E2D46 /* FeedLoadingViewModel.swift */; };
		9648818C2DB97911007E2D46 /* FeedErrorViewModel.swift in Sources */ = {isa = PBXBuildFile; fileRef = 9648818B2DB97911007E2D46 /* FeedErrorViewModel.swift */; };
		9648818D2DB97AD7007E2D46 /* FeedLocalizationTests.swift in Sources */ = {isa = PBXBuildFile; fileRef = 96EE7EBD2DA7D0A300F91D27 /* FeedLocalizationTests.swift */; };
		9648818F2DBA2E40007E2D46 /* FeedImagePresenterTests.swift in Sources */ = {isa = PBXBuildFile; fileRef = 9648818E2DBA2E40007E2D46 /* FeedImagePresenterTests.swift */; };
		964881912DBA38BD007E2D46 /* FeedImagePresenter.swift in Sources */ = {isa = PBXBuildFile; fileRef = 964881902DBA38BD007E2D46 /* FeedImagePresenter.swift */; };
		964881932DBA3994007E2D46 /* FeedImageViewModel.swift in Sources */ = {isa = PBXBuildFile; fileRef = 964881922DBA3994007E2D46 /* FeedImageViewModel.swift */; };
		9648EFD12D7580920081B72C /* CoreDataFeedStoreTests.swift in Sources */ = {isa = PBXBuildFile; fileRef = 9648EFD02D7580920081B72C /* CoreDataFeedStoreTests.swift */; };
		9648EFD32D7581260081B72C /* CoreDataFeedStore.swift in Sources */ = {isa = PBXBuildFile; fileRef = 9648EFD22D7581260081B72C /* CoreDataFeedStore.swift */; };
		9648EFD62D7583860081B72C /* FeedStore.xcdatamodeld in Sources */ = {isa = PBXBuildFile; fileRef = 9648EFD42D7583860081B72C /* FeedStore.xcdatamodeld */; };
		9648EFDB2D75BD860081B72C /* CoreDataHelpers.swift in Sources */ = {isa = PBXBuildFile; fileRef = 9648EFDA2D75BD860081B72C /* CoreDataHelpers.swift */; };
		9648EFDD2D75BDF90081B72C /* ManagedCache.swift in Sources */ = {isa = PBXBuildFile; fileRef = 9648EFDC2D75BDF90081B72C /* ManagedCache.swift */; };
		9648EFDF2D75BE150081B72C /* ManagedFeedImage.swift in Sources */ = {isa = PBXBuildFile; fileRef = 9648EFDE2D75BE150081B72C /* ManagedFeedImage.swift */; };
		9648EFE02D76D3100081B72C /* XCTestCaseMemoryLeakTrackingHelper.swift in Sources */ = {isa = PBXBuildFile; fileRef = 96C3162B2D3A78BB0022BF3E /* XCTestCaseMemoryLeakTrackingHelper.swift */; };
		9648EFE12D76D61B0081B72C /* FeedCacheTestHelpers.swift in Sources */ = {isa = PBXBuildFile; fileRef = 96AA18BB2D5B5EF500D8B09F /* FeedCacheTestHelpers.swift */; };
		9648EFE22D76D6420081B72C /* SharedTestHelpers.swift in Sources */ = {isa = PBXBuildFile; fileRef = 96AA18BD2D5B5FC700D8B09F /* SharedTestHelpers.swift */; };
		96560A612D8C2B040001796D /* FeedImageCell.swift in Sources */ = {isa = PBXBuildFile; fileRef = 96560A602D8C2B040001796D /* FeedImageCell.swift */; };
		96560A632D8C45A90001796D /* UIViewShimmering.swift in Sources */ = {isa = PBXBuildFile; fileRef = 96560A622D8C45A90001796D /* UIViewShimmering.swift */; };
		96560A912D91692E0001796D /* FeedImageDataLoader.swift in Sources */ = {isa = PBXBuildFile; fileRef = 96560A902D91692E0001796D /* FeedImageDataLoader.swift */; };
		96560A9B2D9182C50001796D /* FeedImageCellController.swift in Sources */ = {isa = PBXBuildFile; fileRef = 96560A9A2D9182C50001796D /* FeedImageCellController.swift */; };
		96560A9E2D9189600001796D /* FeedUIComposer.swift in Sources */ = {isa = PBXBuildFile; fileRef = 96560A9D2D9189600001796D /* FeedUIComposer.swift */; };
		969CF5DB2D841FF200ECF410 /* FeedUIIntegrationTests.swift in Sources */ = {isa = PBXBuildFile; fileRef = 969CF5DA2D841FF200ECF410 /* FeedUIIntegrationTests.swift */; };
		969CF5E32D84225900ECF410 /* EssentialFeediOSTestPlan.xctestplan in Resources */ = {isa = PBXBuildFile; fileRef = 969CF5E22D84225900ECF410 /* EssentialFeediOSTestPlan.xctestplan */; };
		969CF5E52D84255300ECF410 /* EssentialFeed.framework in Frameworks */ = {isa = PBXBuildFile; fileRef = 080EDEF121B6DA7E00813479 /* EssentialFeed.framework */; };
		969CF5E62D84255300ECF410 /* EssentialFeed.framework in Embed Frameworks */ = {isa = PBXBuildFile; fileRef = 080EDEF121B6DA7E00813479 /* EssentialFeed.framework */; settings = {ATTRIBUTES = (CodeSignOnCopy, RemoveHeadersOnCopy, ); }; };
		969CF5EA2D84267E00ECF410 /* XCTestCaseMemoryLeakTrackingHelper.swift in Sources */ = {isa = PBXBuildFile; fileRef = 96C3162B2D3A78BB0022BF3E /* XCTestCaseMemoryLeakTrackingHelper.swift */; };
		969CF5EC2D843D2E00ECF410 /* FeedViewController.swift in Sources */ = {isa = PBXBuildFile; fileRef = 969CF5EB2D843D2E00ECF410 /* FeedViewController.swift */; };
		969E9E852D37ACDF00EED9D0 /* URLSessionHTTPClientTests.swift in Sources */ = {isa = PBXBuildFile; fileRef = 969E9E842D37ACDF00EED9D0 /* URLSessionHTTPClientTests.swift */; };
		96AA18342D59D0AF00D8B09F /* LoadFeedFromCacheUseCaseTests.swift in Sources */ = {isa = PBXBuildFile; fileRef = 96AA18332D59D0AF00D8B09F /* LoadFeedFromCacheUseCaseTests.swift */; };
		96AA18372D59D2DF00D8B09F /* FeedStoreSpy.swift in Sources */ = {isa = PBXBuildFile; fileRef = 96AA18362D59D2DF00D8B09F /* FeedStoreSpy.swift */; };
		96AA18BA2D5B592700D8B09F /* ValidateFeedCacheUseCaseTests.swift in Sources */ = {isa = PBXBuildFile; fileRef = 96AA18B92D5B592700D8B09F /* ValidateFeedCacheUseCaseTests.swift */; };
		96AA18BC2D5B5EF500D8B09F /* FeedCacheTestHelpers.swift in Sources */ = {isa = PBXBuildFile; fileRef = 96AA18BB2D5B5EF500D8B09F /* FeedCacheTestHelpers.swift */; };
		96AA18BE2D5B5FC700D8B09F /* SharedTestHelpers.swift in Sources */ = {isa = PBXBuildFile; fileRef = 96AA18BD2D5B5FC700D8B09F /* SharedTestHelpers.swift */; };
		96AA18BF2D5B5FC700D8B09F /* SharedTestHelpers.swift in Sources */ = {isa = PBXBuildFile; fileRef = 96AA18BD2D5B5FC700D8B09F /* SharedTestHelpers.swift */; };
		96AA18CD2D5C7AC400D8B09F /* FeedCachePolicy.swift in Sources */ = {isa = PBXBuildFile; fileRef = 96AA18CC2D5C7AC400D8B09F /* FeedCachePolicy.swift */; };
		96AA18D32D5F516B00D8B09F /* CodableFeedStoreTests.swift in Sources */ = {isa = PBXBuildFile; fileRef = 96AA18D22D5F516B00D8B09F /* CodableFeedStoreTests.swift */; };
		96AA18D52D6354A300D8B09F /* CodableFeedStore.swift in Sources */ = {isa = PBXBuildFile; fileRef = 96AA18D42D6354A300D8B09F /* CodableFeedStore.swift */; };
		96C3162C2D3A78BB0022BF3E /* XCTestCaseMemoryLeakTrackingHelper.swift in Sources */ = {isa = PBXBuildFile; fileRef = 96C3162B2D3A78BB0022BF3E /* XCTestCaseMemoryLeakTrackingHelper.swift */; };
		96C3162E2D3A89E60022BF3E /* URLSessionHTTPClient.swift in Sources */ = {isa = PBXBuildFile; fileRef = 96C3162D2D3A89E60022BF3E /* URLSessionHTTPClient.swift */; };
		96D921C42D3F7A750022735C /* EssentialFeed.framework in Frameworks */ = {isa = PBXBuildFile; fileRef = 080EDEF121B6DA7E00813479 /* EssentialFeed.framework */; };
		96D921CC2D3F7A920022735C /* EssentialFeedAPIEndToEndTests.swift in Sources */ = {isa = PBXBuildFile; fileRef = 96D921CA2D3F7A920022735C /* EssentialFeedAPIEndToEndTests.swift */; };
		96D921CD2D3F83A10022735C /* XCTestCaseMemoryLeakTrackingHelper.swift in Sources */ = {isa = PBXBuildFile; fileRef = 96C3162B2D3A78BB0022BF3E /* XCTestCaseMemoryLeakTrackingHelper.swift */; };
		96DB8E292D805C2D00BDE19E /* EssentialFeediOS.framework in Frameworks */ = {isa = PBXBuildFile; fileRef = 96DB8E1F2D805C2D00BDE19E /* EssentialFeediOS.framework */; };
		96DFFA572D6C497B00A066F9 /* EssentialFeed.framework in Frameworks */ = {isa = PBXBuildFile; fileRef = 080EDEF121B6DA7E00813479 /* EssentialFeed.framework */; };
		96DFFA5F2D6C498D00A066F9 /* EssentialFeedCacheIntegrationTests.swift in Sources */ = {isa = PBXBuildFile; fileRef = 96DFFA5D2D6C498D00A066F9 /* EssentialFeedCacheIntegrationTests.swift */; };
		96E053D92D5491B90023C763 /* LocalFeedLoader.swift in Sources */ = {isa = PBXBuildFile; fileRef = 96E053D82D5491B90023C763 /* LocalFeedLoader.swift */; };
		96E053DB2D5492470023C763 /* FeedStore.swift in Sources */ = {isa = PBXBuildFile; fileRef = 96E053DA2D5492470023C763 /* FeedStore.swift */; };
		96E053DD2D54C2EA0023C763 /* RemoteFeedItem.swift in Sources */ = {isa = PBXBuildFile; fileRef = 96E053DC2D54C2EA0023C763 /* RemoteFeedItem.swift */; };
		96E053DF2D54C3170023C763 /* LocalFeedImage.swift in Sources */ = {isa = PBXBuildFile; fileRef = 96E053DE2D54C3170023C763 /* LocalFeedImage.swift */; };
		96EE7D6A2DA5720400F91D27 /* Feed.storyboard in Resources */ = {isa = PBXBuildFile; fileRef = 96EE7D692DA5720400F91D27 /* Feed.storyboard */; };
		96EE7D6C2DA5728900F91D27 /* Feed.xcassets in Resources */ = {isa = PBXBuildFile; fileRef = 96EE7D6B2DA5728900F91D27 /* Feed.xcassets */; };
		96EE7D6E2DA5868800F91D27 /* UITableViewExtensions.swift in Sources */ = {isa = PBXBuildFile; fileRef = 96EE7D6D2DA5868800F91D27 /* UITableViewExtensions.swift */; };
		96EE7D702DA587D700F91D27 /* UIImageViewExtensions.swift in Sources */ = {isa = PBXBuildFile; fileRef = 96EE7D6F2DA587D700F91D27 /* UIImageViewExtensions.swift */; };
/* End PBXBuildFile section */

/* Begin PBXContainerItemProxy section */
		080EDEFC21B6DA7E00813479 /* PBXContainerItemProxy */ = {
			isa = PBXContainerItemProxy;
			containerPortal = 080EDEE821B6DA7E00813479 /* Project object */;
			proxyType = 1;
			remoteGlobalIDString = 080EDEF021B6DA7E00813479;
			remoteInfo = EssentialFeed;
		};
		969CF5E72D84255300ECF410 /* PBXContainerItemProxy */ = {
			isa = PBXContainerItemProxy;
			containerPortal = 080EDEE821B6DA7E00813479 /* Project object */;
			proxyType = 1;
			remoteGlobalIDString = 080EDEF021B6DA7E00813479;
			remoteInfo = EssentialFeed;
		};
		96D921C52D3F7A750022735C /* PBXContainerItemProxy */ = {
			isa = PBXContainerItemProxy;
			containerPortal = 080EDEE821B6DA7E00813479 /* Project object */;
			proxyType = 1;
			remoteGlobalIDString = 080EDEF021B6DA7E00813479;
			remoteInfo = EssentialFeed;
		};
		96DB8E2A2D805C2D00BDE19E /* PBXContainerItemProxy */ = {
			isa = PBXContainerItemProxy;
			containerPortal = 080EDEE821B6DA7E00813479 /* Project object */;
			proxyType = 1;
			remoteGlobalIDString = 96DB8E1E2D805C2D00BDE19E;
			remoteInfo = EssentialFeediOS;
		};
		96DFFA582D6C497B00A066F9 /* PBXContainerItemProxy */ = {
			isa = PBXContainerItemProxy;
			containerPortal = 080EDEE821B6DA7E00813479 /* Project object */;
			proxyType = 1;
			remoteGlobalIDString = 080EDEF021B6DA7E00813479;
			remoteInfo = EssentialFeed;
		};
/* End PBXContainerItemProxy section */

/* Begin PBXCopyFilesBuildPhase section */
		969CF5E92D84255300ECF410 /* Embed Frameworks */ = {
			isa = PBXCopyFilesBuildPhase;
			buildActionMask = 2147483647;
			dstPath = "";
			dstSubfolderSpec = 10;
			files = (
				969CF5E62D84255300ECF410 /* EssentialFeed.framework in Embed Frameworks */,
			);
			name = "Embed Frameworks";
			runOnlyForDeploymentPostprocessing = 0;
		};
/* End PBXCopyFilesBuildPhase section */

/* Begin PBXFileReference section */
		080EDEF121B6DA7E00813479 /* EssentialFeed.framework */ = {isa = PBXFileReference; explicitFileType = wrapper.framework; includeInIndex = 0; path = EssentialFeed.framework; sourceTree = BUILT_PRODUCTS_DIR; };
		080EDEF521B6DA7E00813479 /* Info.plist */ = {isa = PBXFileReference; lastKnownFileType = text.plist.xml; path = Info.plist; sourceTree = "<group>"; };
		080EDEFA21B6DA7E00813479 /* EssentialFeedTests.xctest */ = {isa = PBXFileReference; explicitFileType = wrapper.cfbundle; includeInIndex = 0; path = EssentialFeedTests.xctest; sourceTree = BUILT_PRODUCTS_DIR; };
		080EDF0B21B6DAE800813479 /* FeedImage.swift */ = {isa = PBXFileReference; lastKnownFileType = sourcecode.swift; path = FeedImage.swift; sourceTree = "<group>"; };
		080EDF0D21B6DCB600813479 /* FeedLoader.swift */ = {isa = PBXFileReference; lastKnownFileType = sourcecode.swift; path = FeedLoader.swift; sourceTree = "<group>"; };
		46C3F5ED2D1455C40047EB56 /* LoadFeedFromRemoteUseCaseTests.swift */ = {isa = PBXFileReference; lastKnownFileType = sourcecode.swift; path = LoadFeedFromRemoteUseCaseTests.swift; sourceTree = "<group>"; };
		46C3F6002D2697B50047EB56 /* RemoteFeedLoader.swift */ = {isa = PBXFileReference; lastKnownFileType = sourcecode.swift; path = RemoteFeedLoader.swift; sourceTree = "<group>"; };
		46C3F6022D2E534B0047EB56 /* HTTPClient.swift */ = {isa = PBXFileReference; lastKnownFileType = sourcecode.swift; path = HTTPClient.swift; sourceTree = "<group>"; };
		46C3F6042D2E53A80047EB56 /* FeedItemsMapper.swift */ = {isa = PBXFileReference; lastKnownFileType = sourcecode.swift; path = FeedItemsMapper.swift; sourceTree = "<group>"; };
		962A96B42D522230002FF9F3 /* CacheFeedUseCaseTests.swift */ = {isa = PBXFileReference; lastKnownFileType = sourcecode.swift; path = CacheFeedUseCaseTests.swift; sourceTree = "<group>"; };
		962C5B4C2DA95EDF008CA3E8 /* MainQueueDispatchDecorator.swift */ = {isa = PBXFileReference; lastKnownFileType = sourcecode.swift; path = MainQueueDispatchDecorator.swift; sourceTree = "<group>"; };
		962C5B4E2DA95F3E008CA3E8 /* WeakRefVirtualProxy.swift */ = {isa = PBXFileReference; lastKnownFileType = sourcecode.swift; path = WeakRefVirtualProxy.swift; sourceTree = "<group>"; };
		962C5B502DA95F7F008CA3E8 /* FeedLoaderPresentationAdapter.swift */ = {isa = PBXFileReference; lastKnownFileType = sourcecode.swift; path = FeedLoaderPresentationAdapter.swift; sourceTree = "<group>"; };
		962C5B522DA95FA7008CA3E8 /* FeedImageDataLoaderPresentationAdapter.swift */ = {isa = PBXFileReference; lastKnownFileType = sourcecode.swift; path = FeedImageDataLoaderPresentationAdapter.swift; sourceTree = "<group>"; };
		962C5B542DA95FDD008CA3E8 /* FeedViewAdapter.swift */ = {isa = PBXFileReference; lastKnownFileType = sourcecode.swift; path = FeedViewAdapter.swift; sourceTree = "<group>"; };
		9640277A2D65B98300CB873B /* FeedStoreSpecs.swift */ = {isa = PBXFileReference; lastKnownFileType = sourcecode.swift; path = FeedStoreSpecs.swift; sourceTree = "<group>"; };
		9640277C2D65BA2A00CB873B /* XCTestCase+FeedStoreSpecs.swift */ = {isa = PBXFileReference; lastKnownFileType = sourcecode.swift; path = "XCTestCase+FeedStoreSpecs.swift"; sourceTree = "<group>"; };
		9640277E2D65BE6400CB873B /* XCTestCase+FailableRetrieveFeedStoreSpecs.swift */ = {isa = PBXFileReference; lastKnownFileType = sourcecode.swift; path = "XCTestCase+FailableRetrieveFeedStoreSpecs.swift"; sourceTree = "<group>"; };
		964027802D65BF2500CB873B /* XCTestCase+FailableInsertFeedStoreSpecs.swift */ = {isa = PBXFileReference; lastKnownFileType = sourcecode.swift; path = "XCTestCase+FailableInsertFeedStoreSpecs.swift"; sourceTree = "<group>"; };
		964027822D65BF8000CB873B /* XCTestCase+FailableDeleteFeedStoreSpecs.swift */ = {isa = PBXFileReference; lastKnownFileType = sourcecode.swift; path = "XCTestCase+FailableDeleteFeedStoreSpecs.swift"; sourceTree = "<group>"; };
		964881752DB95B1A007E2D46 /* ErrorView.swift */ = {isa = PBXFileReference; lastKnownFileType = sourcecode.swift; path = ErrorView.swift; sourceTree = "<group>"; };
		9648817A2DB95E51007E2D46 /* UIRefreshControlExtensions.swift */ = {isa = PBXFileReference; lastKnownFileType = sourcecode.swift; path = UIRefreshControlExtensions.swift; sourceTree = "<group>"; };
		9648817D2DB95FAC007E2D46 /* FeedPresenterTests.swift */ = {isa = PBXFileReference; lastKnownFileType = sourcecode.swift; path = FeedPresenterTests.swift; sourceTree = "<group>"; };
		964881802DB9756C007E2D46 /* en */ = {isa = PBXFileReference; lastKnownFileType = text.plist.strings; name = en; path = en.lproj/Feed.strings; sourceTree = "<group>"; };
		964881822DB97578007E2D46 /* uk */ = {isa = PBXFileReference; lastKnownFileType = text.plist.strings; name = uk; path = uk.lproj/Feed.strings; sourceTree = "<group>"; };
		964881842DB97771007E2D46 /* FeedPresenter.swift */ = {isa = PBXFileReference; lastKnownFileType = sourcecode.swift; path = FeedPresenter.swift; sourceTree = "<group>"; };
		964881872DB978E3007E2D46 /* FeedViewModel.swift */ = {isa = PBXFileReference; lastKnownFileType = sourcecode.swift; path = FeedViewModel.swift; sourceTree = "<group>"; };
		964881892DB978FE007E2D46 /* FeedLoadingViewModel.swift */ = {isa = PBXFileReference; lastKnownFileType = sourcecode.swift; path = FeedLoadingViewModel.swift; sourceTree = "<group>"; };
		9648818B2DB97911007E2D46 /* FeedErrorViewModel.swift */ = {isa = PBXFileReference; lastKnownFileType = sourcecode.swift; path = FeedErrorViewModel.swift; sourceTree = "<group>"; };
		9648818E2DBA2E40007E2D46 /* FeedImagePresenterTests.swift */ = {isa = PBXFileReference; lastKnownFileType = sourcecode.swift; path = FeedImagePresenterTests.swift; sourceTree = "<group>"; };
		964881902DBA38BD007E2D46 /* FeedImagePresenter.swift */ = {isa = PBXFileReference; lastKnownFileType = sourcecode.swift; path = FeedImagePresenter.swift; sourceTree = "<group>"; };
		964881922DBA3994007E2D46 /* FeedImageViewModel.swift */ = {isa = PBXFileReference; lastKnownFileType = sourcecode.swift; path = FeedImageViewModel.swift; sourceTree = "<group>"; };
		9648EFD02D7580920081B72C /* CoreDataFeedStoreTests.swift */ = {isa = PBXFileReference; lastKnownFileType = sourcecode.swift; path = CoreDataFeedStoreTests.swift; sourceTree = "<group>"; };
		9648EFD22D7581260081B72C /* CoreDataFeedStore.swift */ = {isa = PBXFileReference; lastKnownFileType = sourcecode.swift; path = CoreDataFeedStore.swift; sourceTree = "<group>"; };
		9648EFD52D7583860081B72C /* FeedStore.xcdatamodel */ = {isa = PBXFileReference; lastKnownFileType = wrapper.xcdatamodel; path = FeedStore.xcdatamodel; sourceTree = "<group>"; };
		9648EFDA2D75BD860081B72C /* CoreDataHelpers.swift */ = {isa = PBXFileReference; lastKnownFileType = sourcecode.swift; path = CoreDataHelpers.swift; sourceTree = "<group>"; };
		9648EFDC2D75BDF90081B72C /* ManagedCache.swift */ = {isa = PBXFileReference; lastKnownFileType = sourcecode.swift; path = ManagedCache.swift; sourceTree = "<group>"; };
		9648EFDE2D75BE150081B72C /* ManagedFeedImage.swift */ = {isa = PBXFileReference; lastKnownFileType = sourcecode.swift; path = ManagedFeedImage.swift; sourceTree = "<group>"; };
		96560A602D8C2B040001796D /* FeedImageCell.swift */ = {isa = PBXFileReference; lastKnownFileType = sourcecode.swift; path = FeedImageCell.swift; sourceTree = "<group>"; };
		96560A622D8C45A90001796D /* UIViewShimmering.swift */ = {isa = PBXFileReference; lastKnownFileType = sourcecode.swift; path = UIViewShimmering.swift; sourceTree = "<group>"; };
		96560A902D91692E0001796D /* FeedImageDataLoader.swift */ = {isa = PBXFileReference; lastKnownFileType = sourcecode.swift; path = FeedImageDataLoader.swift; sourceTree = "<group>"; };
		96560A9A2D9182C50001796D /* FeedImageCellController.swift */ = {isa = PBXFileReference; lastKnownFileType = sourcecode.swift; path = FeedImageCellController.swift; sourceTree = "<group>"; };
		96560A9D2D9189600001796D /* FeedUIComposer.swift */ = {isa = PBXFileReference; lastKnownFileType = sourcecode.swift; path = FeedUIComposer.swift; sourceTree = "<group>"; };
		969CF5DA2D841FF200ECF410 /* FeedUIIntegrationTests.swift */ = {isa = PBXFileReference; lastKnownFileType = sourcecode.swift; path = FeedUIIntegrationTests.swift; sourceTree = "<group>"; };
		969CF5E22D84225900ECF410 /* EssentialFeediOSTestPlan.xctestplan */ = {isa = PBXFileReference; lastKnownFileType = text; path = EssentialFeediOSTestPlan.xctestplan; sourceTree = "<group>"; };
		969CF5EB2D843D2E00ECF410 /* FeedViewController.swift */ = {isa = PBXFileReference; lastKnownFileType = sourcecode.swift; path = FeedViewController.swift; sourceTree = "<group>"; };
		969E9E842D37ACDF00EED9D0 /* URLSessionHTTPClientTests.swift */ = {isa = PBXFileReference; lastKnownFileType = sourcecode.swift; path = URLSessionHTTPClientTests.swift; sourceTree = "<group>"; };
		96AA18332D59D0AF00D8B09F /* LoadFeedFromCacheUseCaseTests.swift */ = {isa = PBXFileReference; lastKnownFileType = sourcecode.swift; path = LoadFeedFromCacheUseCaseTests.swift; sourceTree = "<group>"; };
		96AA18362D59D2DF00D8B09F /* FeedStoreSpy.swift */ = {isa = PBXFileReference; lastKnownFileType = sourcecode.swift; path = FeedStoreSpy.swift; sourceTree = "<group>"; };
		96AA18B92D5B592700D8B09F /* ValidateFeedCacheUseCaseTests.swift */ = {isa = PBXFileReference; lastKnownFileType = sourcecode.swift; path = ValidateFeedCacheUseCaseTests.swift; sourceTree = "<group>"; };
		96AA18BB2D5B5EF500D8B09F /* FeedCacheTestHelpers.swift */ = {isa = PBXFileReference; lastKnownFileType = sourcecode.swift; path = FeedCacheTestHelpers.swift; sourceTree = "<group>"; };
		96AA18BD2D5B5FC700D8B09F /* SharedTestHelpers.swift */ = {isa = PBXFileReference; lastKnownFileType = sourcecode.swift; path = SharedTestHelpers.swift; sourceTree = "<group>"; };
		96AA18CC2D5C7AC400D8B09F /* FeedCachePolicy.swift */ = {isa = PBXFileReference; lastKnownFileType = sourcecode.swift; path = FeedCachePolicy.swift; sourceTree = "<group>"; };
		96AA18D22D5F516B00D8B09F /* CodableFeedStoreTests.swift */ = {isa = PBXFileReference; lastKnownFileType = sourcecode.swift; path = CodableFeedStoreTests.swift; sourceTree = "<group>"; };
		96AA18D42D6354A300D8B09F /* CodableFeedStore.swift */ = {isa = PBXFileReference; lastKnownFileType = sourcecode.swift; path = CodableFeedStore.swift; sourceTree = "<group>"; };
		96C3162B2D3A78BB0022BF3E /* XCTestCaseMemoryLeakTrackingHelper.swift */ = {isa = PBXFileReference; lastKnownFileType = sourcecode.swift; path = XCTestCaseMemoryLeakTrackingHelper.swift; sourceTree = "<group>"; };
		96C3162D2D3A89E60022BF3E /* URLSessionHTTPClient.swift */ = {isa = PBXFileReference; lastKnownFileType = sourcecode.swift; path = URLSessionHTTPClient.swift; sourceTree = "<group>"; };
		96D921C02D3F7A750022735C /* EssentialFeedAPIEndToEndTests.xctest */ = {isa = PBXFileReference; explicitFileType = wrapper.cfbundle; includeInIndex = 0; path = EssentialFeedAPIEndToEndTests.xctest; sourceTree = BUILT_PRODUCTS_DIR; };
		96D921CA2D3F7A920022735C /* EssentialFeedAPIEndToEndTests.swift */ = {isa = PBXFileReference; lastKnownFileType = sourcecode.swift; path = EssentialFeedAPIEndToEndTests.swift; sourceTree = "<group>"; };
		96D921D52D3F96EE0022735C /* EssentialFeedTestPlan.xctestplan */ = {isa = PBXFileReference; lastKnownFileType = text; name = EssentialFeedTestPlan.xctestplan; path = EssentialFeed/EssentialFeedTestPlan.xctestplan; sourceTree = SOURCE_ROOT; };
		96D921D62D3FA43B0022735C /* README.md */ = {isa = PBXFileReference; lastKnownFileType = net.daringfireball.markdown; name = README.md; path = ../README.md; sourceTree = "<group>"; };
		96DB8E1F2D805C2D00BDE19E /* EssentialFeediOS.framework */ = {isa = PBXFileReference; explicitFileType = wrapper.framework; includeInIndex = 0; path = EssentialFeediOS.framework; sourceTree = BUILT_PRODUCTS_DIR; };
		96DB8E282D805C2D00BDE19E /* EssentialFeediOSTests.xctest */ = {isa = PBXFileReference; explicitFileType = wrapper.cfbundle; includeInIndex = 0; path = EssentialFeediOSTests.xctest; sourceTree = BUILT_PRODUCTS_DIR; };
		96DB8E402D80601200BDE19E /* EssentialFeediOSCITestPlan.xctestplan */ = {isa = PBXFileReference; lastKnownFileType = text; path = EssentialFeediOSCITestPlan.xctestplan; sourceTree = "<group>"; };
		96DB8E432D8098C700BDE19E /* CI-iOS.yml */ = {isa = PBXFileReference; lastKnownFileType = text.yaml; path = "CI-iOS.yml"; sourceTree = "<group>"; };
		96DFFA532D6C497B00A066F9 /* EssentialFeedCacheIntegrationTests.xctest */ = {isa = PBXFileReference; explicitFileType = wrapper.cfbundle; includeInIndex = 0; path = EssentialFeedCacheIntegrationTests.xctest; sourceTree = BUILT_PRODUCTS_DIR; };
		96DFFA5D2D6C498D00A066F9 /* EssentialFeedCacheIntegrationTests.swift */ = {isa = PBXFileReference; lastKnownFileType = sourcecode.swift; path = EssentialFeedCacheIntegrationTests.swift; sourceTree = "<group>"; };
		96DFFA602D6C49FE00A066F9 /* EssentialFeedFeedCacheIntegrationTestsTestPlan.xctestplan */ = {isa = PBXFileReference; lastKnownFileType = text; path = EssentialFeedFeedCacheIntegrationTestsTestPlan.xctestplan; sourceTree = "<group>"; };
		96E053D82D5491B90023C763 /* LocalFeedLoader.swift */ = {isa = PBXFileReference; lastKnownFileType = sourcecode.swift; path = LocalFeedLoader.swift; sourceTree = "<group>"; };
		96E053DA2D5492470023C763 /* FeedStore.swift */ = {isa = PBXFileReference; lastKnownFileType = sourcecode.swift; path = FeedStore.swift; sourceTree = "<group>"; };
		96E053DC2D54C2EA0023C763 /* RemoteFeedItem.swift */ = {isa = PBXFileReference; lastKnownFileType = sourcecode.swift; path = RemoteFeedItem.swift; sourceTree = "<group>"; };
		96E053DE2D54C3170023C763 /* LocalFeedImage.swift */ = {isa = PBXFileReference; lastKnownFileType = sourcecode.swift; path = LocalFeedImage.swift; sourceTree = "<group>"; };
		96EA0E5C2D42AE500001499E /* CI-macOS.yml */ = {isa = PBXFileReference; lastKnownFileType = text.yaml; path = "CI-macOS.yml"; sourceTree = "<group>"; };
		96EA86422D4372780065FDBF /* EssentialFeedCITestPlan.xctestplan */ = {isa = PBXFileReference; lastKnownFileType = text; name = EssentialFeedCITestPlan.xctestplan; path = EssentialFeed/EssentialFeedCITestPlan.xctestplan; sourceTree = SOURCE_ROOT; };
		96EE7D692DA5720400F91D27 /* Feed.storyboard */ = {isa = PBXFileReference; lastKnownFileType = file.storyboard; path = Feed.storyboard; sourceTree = "<group>"; };
		96EE7D6B2DA5728900F91D27 /* Feed.xcassets */ = {isa = PBXFileReference; lastKnownFileType = folder.assetcatalog; path = Feed.xcassets; sourceTree = "<group>"; };
		96EE7D6D2DA5868800F91D27 /* UITableViewExtensions.swift */ = {isa = PBXFileReference; lastKnownFileType = sourcecode.swift; path = UITableViewExtensions.swift; sourceTree = "<group>"; };
		96EE7D6F2DA587D700F91D27 /* UIImageViewExtensions.swift */ = {isa = PBXFileReference; lastKnownFileType = sourcecode.swift; path = UIImageViewExtensions.swift; sourceTree = "<group>"; };
		96EE7EBD2DA7D0A300F91D27 /* FeedLocalizationTests.swift */ = {isa = PBXFileReference; lastKnownFileType = sourcecode.swift; path = FeedLocalizationTests.swift; sourceTree = "<group>"; };
/* End PBXFileReference section */

/* Begin PBXFrameworksBuildPhase section */
		080EDEEE21B6DA7E00813479 /* Frameworks */ = {
			isa = PBXFrameworksBuildPhase;
			buildActionMask = 2147483647;
			files = (
			);
			runOnlyForDeploymentPostprocessing = 0;
		};
		080EDEF721B6DA7E00813479 /* Frameworks */ = {
			isa = PBXFrameworksBuildPhase;
			buildActionMask = 2147483647;
			files = (
				080EDEFB21B6DA7E00813479 /* EssentialFeed.framework in Frameworks */,
			);
			runOnlyForDeploymentPostprocessing = 0;
		};
		96D921BD2D3F7A750022735C /* Frameworks */ = {
			isa = PBXFrameworksBuildPhase;
			buildActionMask = 2147483647;
			files = (
				96D921C42D3F7A750022735C /* EssentialFeed.framework in Frameworks */,
			);
			runOnlyForDeploymentPostprocessing = 0;
		};
		96DB8E1C2D805C2D00BDE19E /* Frameworks */ = {
			isa = PBXFrameworksBuildPhase;
			buildActionMask = 2147483647;
			files = (
				969CF5E52D84255300ECF410 /* EssentialFeed.framework in Frameworks */,
			);
			runOnlyForDeploymentPostprocessing = 0;
		};
		96DB8E252D805C2D00BDE19E /* Frameworks */ = {
			isa = PBXFrameworksBuildPhase;
			buildActionMask = 2147483647;
			files = (
				96DB8E292D805C2D00BDE19E /* EssentialFeediOS.framework in Frameworks */,
			);
			runOnlyForDeploymentPostprocessing = 0;
		};
		96DFFA502D6C497B00A066F9 /* Frameworks */ = {
			isa = PBXFrameworksBuildPhase;
			buildActionMask = 2147483647;
			files = (
				96DFFA572D6C497B00A066F9 /* EssentialFeed.framework in Frameworks */,
			);
			runOnlyForDeploymentPostprocessing = 0;
		};
/* End PBXFrameworksBuildPhase section */

/* Begin PBXGroup section */
		080EDEE721B6DA7E00813479 = {
			isa = PBXGroup;
			children = (
				96D921D62D3FA43B0022735C /* README.md */,
				96EA0E5E2D42AE500001499E /* .github */,
				080EDEF321B6DA7E00813479 /* EssentialFeed */,
				080EDEFE21B6DA7E00813479 /* EssentialFeedTests */,
				96D921CB2D3F7A920022735C /* EssentialFeedAPIEndToEndTests */,
				96DFFA5E2D6C498D00A066F9 /* EssentialFeedCacheIntegrationTests */,
				96DB8E392D805C5600BDE19E /* EssentialFeediOS */,
				96DB8E3D2D805C5A00BDE19E /* EssentialFeediOSTests */,
				969CF5E42D84255300ECF410 /* Frameworks */,
				080EDEF221B6DA7E00813479 /* Products */,
			);
			sourceTree = "<group>";
		};
		080EDEF221B6DA7E00813479 /* Products */ = {
			isa = PBXGroup;
			children = (
				080EDEF121B6DA7E00813479 /* EssentialFeed.framework */,
				080EDEFA21B6DA7E00813479 /* EssentialFeedTests.xctest */,
				96D921C02D3F7A750022735C /* EssentialFeedAPIEndToEndTests.xctest */,
				96DFFA532D6C497B00A066F9 /* EssentialFeedCacheIntegrationTests.xctest */,
				96DB8E1F2D805C2D00BDE19E /* EssentialFeediOS.framework */,
				96DB8E282D805C2D00BDE19E /* EssentialFeediOSTests.xctest */,
			);
			name = Products;
			sourceTree = "<group>";
		};
		080EDEF321B6DA7E00813479 /* EssentialFeed */ = {
			isa = PBXGroup;
			children = (
				080EDEF521B6DA7E00813479 /* Info.plist */,
				96D921D52D3F96EE0022735C /* EssentialFeedTestPlan.xctestplan */,
				96DFFA602D6C49FE00A066F9 /* EssentialFeedFeedCacheIntegrationTestsTestPlan.xctestplan */,
				96EA86422D4372780065FDBF /* EssentialFeedCITestPlan.xctestplan */,
				080EDF1021B6DFA200813479 /* Feed Feature */,
				46C3F5FF2D26975A0047EB56 /* Feed API */,
				96E053D72D5491A30023C763 /* Feed Cache */,
				964881832DB97748007E2D46 /* Feed Presentation */,
			);
			path = EssentialFeed;
			sourceTree = "<group>";
		};
		080EDEFE21B6DA7E00813479 /* EssentialFeedTests */ = {
			isa = PBXGroup;
			children = (
				96C3162A2D3A78860022BF3E /* Helpers */,
				962A96B32D522214002FF9F3 /* Feed Cache */,
				46C3F6062D2E5B630047EB56 /* Feed API */,
				9648817C2DB95F8A007E2D46 /* Feed Presentation */,
			);
			path = EssentialFeedTests;
			sourceTree = "<group>";
		};
		080EDF1021B6DFA200813479 /* Feed Feature */ = {
			isa = PBXGroup;
			children = (
				080EDF0B21B6DAE800813479 /* FeedImage.swift */,
				080EDF0D21B6DCB600813479 /* FeedLoader.swift */,
			);
			path = "Feed Feature";
			sourceTree = "<group>";
		};
		46C3F5FF2D26975A0047EB56 /* Feed API */ = {
			isa = PBXGroup;
			children = (
				96E053DC2D54C2EA0023C763 /* RemoteFeedItem.swift */,
				46C3F6002D2697B50047EB56 /* RemoteFeedLoader.swift */,
				46C3F6042D2E53A80047EB56 /* FeedItemsMapper.swift */,
				46C3F6022D2E534B0047EB56 /* HTTPClient.swift */,
				96C3162D2D3A89E60022BF3E /* URLSessionHTTPClient.swift */,
			);
			path = "Feed API";
			sourceTree = "<group>";
		};
		46C3F6062D2E5B630047EB56 /* Feed API */ = {
			isa = PBXGroup;
			children = (
				46C3F5ED2D1455C40047EB56 /* LoadFeedFromRemoteUseCaseTests.swift */,
				969E9E842D37ACDF00EED9D0 /* URLSessionHTTPClientTests.swift */,
			);
			path = "Feed API";
			sourceTree = "<group>";
		};
		962A96B32D522214002FF9F3 /* Feed Cache */ = {
			isa = PBXGroup;
			children = (
				96AA18352D59D2D700D8B09F /* Helpers */,
				964027842D65BFD100CB873B /* FeedStoreSpecs */,
				962A96B42D522230002FF9F3 /* CacheFeedUseCaseTests.swift */,
				96AA18332D59D0AF00D8B09F /* LoadFeedFromCacheUseCaseTests.swift */,
				96AA18B92D5B592700D8B09F /* ValidateFeedCacheUseCaseTests.swift */,
				96AA18D22D5F516B00D8B09F /* CodableFeedStoreTests.swift */,
				9648EFD02D7580920081B72C /* CoreDataFeedStoreTests.swift */,
			);
			path = "Feed Cache";
			sourceTree = "<group>";
		};
		964027842D65BFD100CB873B /* FeedStoreSpecs */ = {
			isa = PBXGroup;
			children = (
				9640277A2D65B98300CB873B /* FeedStoreSpecs.swift */,
				9640277C2D65BA2A00CB873B /* XCTestCase+FeedStoreSpecs.swift */,
				9640277E2D65BE6400CB873B /* XCTestCase+FailableRetrieveFeedStoreSpecs.swift */,
				964027802D65BF2500CB873B /* XCTestCase+FailableInsertFeedStoreSpecs.swift */,
				964027822D65BF8000CB873B /* XCTestCase+FailableDeleteFeedStoreSpecs.swift */,
			);
			path = FeedStoreSpecs;
			sourceTree = "<group>";
		};
		964881772DB95DCE007E2D46 /* Helpers */ = {
			isa = PBXGroup;
			children = (
				96560A622D8C45A90001796D /* UIViewShimmering.swift */,
				96EE7D6D2DA5868800F91D27 /* UITableViewExtensions.swift */,
				96EE7D6F2DA587D700F91D27 /* UIImageViewExtensions.swift */,
				9648817A2DB95E51007E2D46 /* UIRefreshControlExtensions.swift */,
			);
			path = Helpers;
			sourceTree = "<group>";
		};
		9648817C2DB95F8A007E2D46 /* Feed Presentation */ = {
			isa = PBXGroup;
			children = (
				9648817D2DB95FAC007E2D46 /* FeedPresenterTests.swift */,
				96EE7EBD2DA7D0A300F91D27 /* FeedLocalizationTests.swift */,
				9648818E2DBA2E40007E2D46 /* FeedImagePresenterTests.swift */,
			);
			path = "Feed Presentation";
			sourceTree = "<group>";
		};
		964881832DB97748007E2D46 /* Feed Presentation */ = {
			isa = PBXGroup;
			children = (
				964881842DB97771007E2D46 /* FeedPresenter.swift */,
				964881872DB978E3007E2D46 /* FeedViewModel.swift */,
				964881892DB978FE007E2D46 /* FeedLoadingViewModel.swift */,
				9648818B2DB97911007E2D46 /* FeedErrorViewModel.swift */,
				964881902DBA38BD007E2D46 /* FeedImagePresenter.swift */,
				964881922DBA3994007E2D46 /* FeedImageViewModel.swift */,
				9648817F2DB9756C007E2D46 /* Feed.strings */,
			);
			path = "Feed Presentation";
			sourceTree = "<group>";
		};
		9648EFD72D75BCB40081B72C /* Infrastructure */ = {
			isa = PBXGroup;
			children = (
				9648EFD92D75BD2A0081B72C /* Codable */,
				9648EFD82D75BCBD0081B72C /* Core Data */,
			);
			path = Infrastructure;
			sourceTree = "<group>";
		};
		9648EFD82D75BCBD0081B72C /* Core Data */ = {
			isa = PBXGroup;
			children = (
				9648EFD22D7581260081B72C /* CoreDataFeedStore.swift */,
				9648EFDC2D75BDF90081B72C /* ManagedCache.swift */,
				9648EFDE2D75BE150081B72C /* ManagedFeedImage.swift */,
				9648EFDA2D75BD860081B72C /* CoreDataHelpers.swift */,
				9648EFD42D7583860081B72C /* FeedStore.xcdatamodeld */,
			);
			path = "Core Data";
			sourceTree = "<group>";
		};
		9648EFD92D75BD2A0081B72C /* Codable */ = {
			isa = PBXGroup;
			children = (
				96AA18D42D6354A300D8B09F /* CodableFeedStore.swift */,
			);
			path = Codable;
			sourceTree = "<group>";
		};
		96560A8F2D9169160001796D /* Feed Image Loader */ = {
			isa = PBXGroup;
			children = (
				96560A902D91692E0001796D /* FeedImageDataLoader.swift */,
			);
			path = "Feed Image Loader";
			sourceTree = "<group>";
		};
		96560A922D91693F0001796D /* Feed UI */ = {
			isa = PBXGroup;
			children = (
				96560A9C2D91894C0001796D /* Composers */,
				96560A932D91694C0001796D /* Controllers */,
				96560A942D9169510001796D /* Views */,
			);
			path = "Feed UI";
			sourceTree = "<group>";
		};
		96560A932D91694C0001796D /* Controllers */ = {
			isa = PBXGroup;
			children = (
				969CF5EB2D843D2E00ECF410 /* FeedViewController.swift */,
				96560A9A2D9182C50001796D /* FeedImageCellController.swift */,
			);
			path = Controllers;
			sourceTree = "<group>";
		};
		96560A942D9169510001796D /* Views */ = {
			isa = PBXGroup;
			children = (
				964881772DB95DCE007E2D46 /* Helpers */,
				96560A602D8C2B040001796D /* FeedImageCell.swift */,
				964881752DB95B1A007E2D46 /* ErrorView.swift */,
				96EE7D692DA5720400F91D27 /* Feed.storyboard */,
				96EE7D6B2DA5728900F91D27 /* Feed.xcassets */,
			);
			path = Views;
			sourceTree = "<group>";
		};
		96560A952D9169C00001796D /* Feed UI */ = {
			isa = PBXGroup;
			children = (
				969CF5DA2D841FF200ECF410 /* FeedUIIntegrationTests.swift */,
			);
			path = "Feed UI";
			sourceTree = "<group>";
		};
		96560A9C2D91894C0001796D /* Composers */ = {
			isa = PBXGroup;
			children = (
				96560A9D2D9189600001796D /* FeedUIComposer.swift */,
				962C5B4C2DA95EDF008CA3E8 /* MainQueueDispatchDecorator.swift */,
				962C5B4E2DA95F3E008CA3E8 /* WeakRefVirtualProxy.swift */,
				962C5B502DA95F7F008CA3E8 /* FeedLoaderPresentationAdapter.swift */,
				962C5B522DA95FA7008CA3E8 /* FeedImageDataLoaderPresentationAdapter.swift */,
				962C5B542DA95FDD008CA3E8 /* FeedViewAdapter.swift */,
			);
			path = Composers;
			sourceTree = "<group>";
		};
		969CF5E42D84255300ECF410 /* Frameworks */ = {
			isa = PBXGroup;
			children = (
			);
			name = Frameworks;
			sourceTree = "<group>";
		};
		96AA18352D59D2D700D8B09F /* Helpers */ = {
			isa = PBXGroup;
			children = (
				96AA18362D59D2DF00D8B09F /* FeedStoreSpy.swift */,
				96AA18BB2D5B5EF500D8B09F /* FeedCacheTestHelpers.swift */,
			);
			path = Helpers;
			sourceTree = "<group>";
		};
		96C3162A2D3A78860022BF3E /* Helpers */ = {
			isa = PBXGroup;
			children = (
				96C3162B2D3A78BB0022BF3E /* XCTestCaseMemoryLeakTrackingHelper.swift */,
				96AA18BD2D5B5FC700D8B09F /* SharedTestHelpers.swift */,
			);
			path = Helpers;
			sourceTree = "<group>";
		};
		96D921CB2D3F7A920022735C /* EssentialFeedAPIEndToEndTests */ = {
			isa = PBXGroup;
			children = (
				96D921CA2D3F7A920022735C /* EssentialFeedAPIEndToEndTests.swift */,
			);
			path = EssentialFeedAPIEndToEndTests;
			sourceTree = "<group>";
		};
		96DB8E392D805C5600BDE19E /* EssentialFeediOS */ = {
			isa = PBXGroup;
			children = (
				969CF5E22D84225900ECF410 /* EssentialFeediOSTestPlan.xctestplan */,
				96DB8E402D80601200BDE19E /* EssentialFeediOSCITestPlan.xctestplan */,
				96560A8F2D9169160001796D /* Feed Image Loader */,
				96560A922D91693F0001796D /* Feed UI */,
			);
			path = EssentialFeediOS;
			sourceTree = "<group>";
		};
		96DB8E3D2D805C5A00BDE19E /* EssentialFeediOSTests */ = {
			isa = PBXGroup;
			children = (
				96560A952D9169C00001796D /* Feed UI */,
			);
			path = EssentialFeediOSTests;
			sourceTree = "<group>";
		};
		96DFFA5E2D6C498D00A066F9 /* EssentialFeedCacheIntegrationTests */ = {
			isa = PBXGroup;
			children = (
				96DFFA5D2D6C498D00A066F9 /* EssentialFeedCacheIntegrationTests.swift */,
			);
			path = EssentialFeedCacheIntegrationTests;
			sourceTree = "<group>";
		};
		96E053D72D5491A30023C763 /* Feed Cache */ = {
			isa = PBXGroup;
			children = (
				96E053DE2D54C3170023C763 /* LocalFeedImage.swift */,
				96E053D82D5491B90023C763 /* LocalFeedLoader.swift */,
				96E053DA2D5492470023C763 /* FeedStore.swift */,
				96AA18CC2D5C7AC400D8B09F /* FeedCachePolicy.swift */,
				9648EFD72D75BCB40081B72C /* Infrastructure */,
			);
			path = "Feed Cache";
			sourceTree = "<group>";
		};
		96EA0E5D2D42AE500001499E /* workflows */ = {
			isa = PBXGroup;
			children = (
				96EA0E5C2D42AE500001499E /* CI-macOS.yml */,
				96DB8E432D8098C700BDE19E /* CI-iOS.yml */,
			);
			path = workflows;
			sourceTree = "<group>";
		};
		96EA0E5E2D42AE500001499E /* .github */ = {
			isa = PBXGroup;
			children = (
				96EA0E5D2D42AE500001499E /* workflows */,
			);
			name = .github;
			path = ../.github;
			sourceTree = SOURCE_ROOT;
		};
/* End PBXGroup section */

/* Begin PBXHeadersBuildPhase section */
		080EDEEC21B6DA7E00813479 /* Headers */ = {
			isa = PBXHeadersBuildPhase;
			buildActionMask = 2147483647;
			files = (
			);
			runOnlyForDeploymentPostprocessing = 0;
		};
		96DB8E1A2D805C2D00BDE19E /* Headers */ = {
			isa = PBXHeadersBuildPhase;
			buildActionMask = 2147483647;
			files = (
			);
			runOnlyForDeploymentPostprocessing = 0;
		};
/* End PBXHeadersBuildPhase section */

/* Begin PBXNativeTarget section */
		080EDEF021B6DA7E00813479 /* EssentialFeed */ = {
			isa = PBXNativeTarget;
			buildConfigurationList = 080EDF0521B6DA7E00813479 /* Build configuration list for PBXNativeTarget "EssentialFeed" */;
			buildPhases = (
				080EDEEC21B6DA7E00813479 /* Headers */,
				080EDEED21B6DA7E00813479 /* Sources */,
				080EDEEE21B6DA7E00813479 /* Frameworks */,
				080EDEEF21B6DA7E00813479 /* Resources */,
			);
			buildRules = (
			);
			dependencies = (
			);
			name = EssentialFeed;
			productName = EssentialFeed;
			productReference = 080EDEF121B6DA7E00813479 /* EssentialFeed.framework */;
			productType = "com.apple.product-type.framework";
		};
		080EDEF921B6DA7E00813479 /* EssentialFeedTests */ = {
			isa = PBXNativeTarget;
			buildConfigurationList = 080EDF0821B6DA7E00813479 /* Build configuration list for PBXNativeTarget "EssentialFeedTests" */;
			buildPhases = (
				080EDEF621B6DA7E00813479 /* Sources */,
				080EDEF721B6DA7E00813479 /* Frameworks */,
				080EDEF821B6DA7E00813479 /* Resources */,
			);
			buildRules = (
			);
			dependencies = (
				080EDEFD21B6DA7E00813479 /* PBXTargetDependency */,
			);
			name = EssentialFeedTests;
			productName = EssentialFeedTests;
			productReference = 080EDEFA21B6DA7E00813479 /* EssentialFeedTests.xctest */;
			productType = "com.apple.product-type.bundle.unit-test";
		};
		96D921BF2D3F7A750022735C /* EssentialFeedAPIEndToEndTests */ = {
			isa = PBXNativeTarget;
			buildConfigurationList = 96D921C92D3F7A750022735C /* Build configuration list for PBXNativeTarget "EssentialFeedAPIEndToEndTests" */;
			buildPhases = (
				96D921BC2D3F7A750022735C /* Sources */,
				96D921BD2D3F7A750022735C /* Frameworks */,
				96D921BE2D3F7A750022735C /* Resources */,
			);
			buildRules = (
			);
			dependencies = (
				96D921C62D3F7A750022735C /* PBXTargetDependency */,
			);
			name = EssentialFeedAPIEndToEndTests;
			packageProductDependencies = (
			);
			productName = EssentialFeedAPIEndToEndTests;
			productReference = 96D921C02D3F7A750022735C /* EssentialFeedAPIEndToEndTests.xctest */;
			productType = "com.apple.product-type.bundle.unit-test";
		};
		96DB8E1E2D805C2D00BDE19E /* EssentialFeediOS */ = {
			isa = PBXNativeTarget;
			buildConfigurationList = 96DB8E312D805C2D00BDE19E /* Build configuration list for PBXNativeTarget "EssentialFeediOS" */;
			buildPhases = (
				96DB8E1A2D805C2D00BDE19E /* Headers */,
				96DB8E1B2D805C2D00BDE19E /* Sources */,
				96DB8E1C2D805C2D00BDE19E /* Frameworks */,
				96DB8E1D2D805C2D00BDE19E /* Resources */,
				969CF5E92D84255300ECF410 /* Embed Frameworks */,
			);
			buildRules = (
			);
			dependencies = (
				969CF5E82D84255300ECF410 /* PBXTargetDependency */,
			);
			name = EssentialFeediOS;
			packageProductDependencies = (
			);
			productName = EssentialFeediOS;
			productReference = 96DB8E1F2D805C2D00BDE19E /* EssentialFeediOS.framework */;
			productType = "com.apple.product-type.framework";
		};
		96DB8E272D805C2D00BDE19E /* EssentialFeediOSTests */ = {
			isa = PBXNativeTarget;
			buildConfigurationList = 96DB8E342D805C2D00BDE19E /* Build configuration list for PBXNativeTarget "EssentialFeediOSTests" */;
			buildPhases = (
				96DB8E242D805C2D00BDE19E /* Sources */,
				96DB8E252D805C2D00BDE19E /* Frameworks */,
				96DB8E262D805C2D00BDE19E /* Resources */,
			);
			buildRules = (
			);
			dependencies = (
				96DB8E2B2D805C2D00BDE19E /* PBXTargetDependency */,
			);
			name = EssentialFeediOSTests;
			packageProductDependencies = (
			);
			productName = EssentialFeediOSTests;
			productReference = 96DB8E282D805C2D00BDE19E /* EssentialFeediOSTests.xctest */;
			productType = "com.apple.product-type.bundle.unit-test";
		};
		96DFFA522D6C497B00A066F9 /* EssentialFeedCacheIntegrationTests */ = {
			isa = PBXNativeTarget;
			buildConfigurationList = 96DFFA5C2D6C497B00A066F9 /* Build configuration list for PBXNativeTarget "EssentialFeedCacheIntegrationTests" */;
			buildPhases = (
				96DFFA4F2D6C497B00A066F9 /* Sources */,
				96DFFA502D6C497B00A066F9 /* Frameworks */,
				96DFFA512D6C497B00A066F9 /* Resources */,
			);
			buildRules = (
			);
			dependencies = (
				96DFFA592D6C497B00A066F9 /* PBXTargetDependency */,
			);
			name = EssentialFeedCacheIntegrationTests;
			packageProductDependencies = (
			);
			productName = EssentialFeedCacheIntegrationTests;
			productReference = 96DFFA532D6C497B00A066F9 /* EssentialFeedCacheIntegrationTests.xctest */;
			productType = "com.apple.product-type.bundle.unit-test";
		};
/* End PBXNativeTarget section */

/* Begin PBXProject section */
		080EDEE821B6DA7E00813479 /* Project object */ = {
			isa = PBXProject;
			attributes = {
				BuildIndependentTargetsInParallel = YES;
				LastSwiftUpdateCheck = 1620;
				LastUpgradeCheck = 1620;
				ORGANIZATIONNAME = "";
				TargetAttributes = {
					080EDEF021B6DA7E00813479 = {
						CreatedOnToolsVersion = 10.1;
						LastSwiftMigration = 1540;
					};
					080EDEF921B6DA7E00813479 = {
						CreatedOnToolsVersion = 10.1;
						LastSwiftMigration = 1620;
					};
					96D921BF2D3F7A750022735C = {
						CreatedOnToolsVersion = 16.2;
					};
					96DB8E1E2D805C2D00BDE19E = {
						CreatedOnToolsVersion = 16.2;
						LastSwiftMigration = 1620;
					};
					96DB8E272D805C2D00BDE19E = {
						CreatedOnToolsVersion = 16.2;
						LastSwiftMigration = 1620;
					};
					96DFFA522D6C497B00A066F9 = {
						CreatedOnToolsVersion = 16.2;
					};
				};
			};
			buildConfigurationList = 080EDEEB21B6DA7E00813479 /* Build configuration list for PBXProject "EssentialFeed" */;
			compatibilityVersion = "Xcode 13.0";
			developmentRegion = en;
			hasScannedForEncodings = 0;
			knownRegions = (
				en,
				Base,
				uk,
			);
			mainGroup = 080EDEE721B6DA7E00813479;
			productRefGroup = 080EDEF221B6DA7E00813479 /* Products */;
			projectDirPath = "";
			projectRoot = "";
			targets = (
				080EDEF021B6DA7E00813479 /* EssentialFeed */,
				080EDEF921B6DA7E00813479 /* EssentialFeedTests */,
				96D921BF2D3F7A750022735C /* EssentialFeedAPIEndToEndTests */,
				96DFFA522D6C497B00A066F9 /* EssentialFeedCacheIntegrationTests */,
				96DB8E1E2D805C2D00BDE19E /* EssentialFeediOS */,
				96DB8E272D805C2D00BDE19E /* EssentialFeediOSTests */,
			);
		};
/* End PBXProject section */

/* Begin PBXResourcesBuildPhase section */
		080EDEEF21B6DA7E00813479 /* Resources */ = {
			isa = PBXResourcesBuildPhase;
			buildActionMask = 2147483647;
			files = (
				964881862DB97892007E2D46 /* Feed.strings in Resources */,
			);
			runOnlyForDeploymentPostprocessing = 0;
		};
		080EDEF821B6DA7E00813479 /* Resources */ = {
			isa = PBXResourcesBuildPhase;
			buildActionMask = 2147483647;
			files = (
			);
			runOnlyForDeploymentPostprocessing = 0;
		};
		96D921BE2D3F7A750022735C /* Resources */ = {
			isa = PBXResourcesBuildPhase;
			buildActionMask = 2147483647;
			files = (
			);
			runOnlyForDeploymentPostprocessing = 0;
		};
		96DB8E1D2D805C2D00BDE19E /* Resources */ = {
			isa = PBXResourcesBuildPhase;
			buildActionMask = 2147483647;
			files = (
				96EE7D6A2DA5720400F91D27 /* Feed.storyboard in Resources */,
				969CF5E32D84225900ECF410 /* EssentialFeediOSTestPlan.xctestplan in Resources */,
				96EE7D6C2DA5728900F91D27 /* Feed.xcassets in Resources */,
			);
			runOnlyForDeploymentPostprocessing = 0;
		};
		96DB8E262D805C2D00BDE19E /* Resources */ = {
			isa = PBXResourcesBuildPhase;
			buildActionMask = 2147483647;
			files = (
			);
			runOnlyForDeploymentPostprocessing = 0;
		};
		96DFFA512D6C497B00A066F9 /* Resources */ = {
			isa = PBXResourcesBuildPhase;
			buildActionMask = 2147483647;
			files = (
			);
			runOnlyForDeploymentPostprocessing = 0;
		};
/* End PBXResourcesBuildPhase section */

/* Begin PBXSourcesBuildPhase section */
		080EDEED21B6DA7E00813479 /* Sources */ = {
			isa = PBXSourcesBuildPhase;
			buildActionMask = 2147483647;
			files = (
				964881882DB978E3007E2D46 /* FeedViewModel.swift in Sources */,
				9648EFDB2D75BD860081B72C /* CoreDataHelpers.swift in Sources */,
				46C3F6052D2E53A80047EB56 /* FeedItemsMapper.swift in Sources */,
				9648818C2DB97911007E2D46 /* FeedErrorViewModel.swift in Sources */,
				080EDF0E21B6DCB600813479 /* FeedLoader.swift in Sources */,
				96E053DD2D54C2EA0023C763 /* RemoteFeedItem.swift in Sources */,
				964881912DBA38BD007E2D46 /* FeedImagePresenter.swift in Sources */,
				964881852DB97771007E2D46 /* FeedPresenter.swift in Sources */,
				96AA18CD2D5C7AC400D8B09F /* FeedCachePolicy.swift in Sources */,
				9648818A2DB978FE007E2D46 /* FeedLoadingViewModel.swift in Sources */,
				46C3F6012D2697B50047EB56 /* RemoteFeedLoader.swift in Sources */,
				9648EFD62D7583860081B72C /* FeedStore.xcdatamodeld in Sources */,
				96E053DF2D54C3170023C763 /* LocalFeedImage.swift in Sources */,
				96E053DB2D5492470023C763 /* FeedStore.swift in Sources */,
				96E053D92D5491B90023C763 /* LocalFeedLoader.swift in Sources */,
				96AA18D52D6354A300D8B09F /* CodableFeedStore.swift in Sources */,
				46C3F6032D2E534B0047EB56 /* HTTPClient.swift in Sources */,
				080EDF0C21B6DAE800813479 /* FeedImage.swift in Sources */,
				96C3162E2D3A89E60022BF3E /* URLSessionHTTPClient.swift in Sources */,
				964881932DBA3994007E2D46 /* FeedImageViewModel.swift in Sources */,
				9648EFDD2D75BDF90081B72C /* ManagedCache.swift in Sources */,
				9648EFD32D7581260081B72C /* CoreDataFeedStore.swift in Sources */,
				9648EFDF2D75BE150081B72C /* ManagedFeedImage.swift in Sources */,
			);
			runOnlyForDeploymentPostprocessing = 0;
		};
		080EDEF621B6DA7E00813479 /* Sources */ = {
			isa = PBXSourcesBuildPhase;
			buildActionMask = 2147483647;
			files = (
				96AA18D32D5F516B00D8B09F /* CodableFeedStoreTests.swift in Sources */,
				96AA18BC2D5B5EF500D8B09F /* FeedCacheTestHelpers.swift in Sources */,
				9648818D2DB97AD7007E2D46 /* FeedLocalizationTests.swift in Sources */,
				9648818F2DBA2E40007E2D46 /* FeedImagePresenterTests.swift in Sources */,
				96AA18BA2D5B592700D8B09F /* ValidateFeedCacheUseCaseTests.swift in Sources */,
				96C3162C2D3A78BB0022BF3E /* XCTestCaseMemoryLeakTrackingHelper.swift in Sources */,
				964027812D65BF2500CB873B /* XCTestCase+FailableInsertFeedStoreSpecs.swift in Sources */,
				46C3F5EE2D1455C40047EB56 /* LoadFeedFromRemoteUseCaseTests.swift in Sources */,
				9648817E2DB95FAC007E2D46 /* FeedPresenterTests.swift in Sources */,
				96AA18372D59D2DF00D8B09F /* FeedStoreSpy.swift in Sources */,
				96AA18BF2D5B5FC700D8B09F /* SharedTestHelpers.swift in Sources */,
				962A96B52D522230002FF9F3 /* CacheFeedUseCaseTests.swift in Sources */,
				964027832D65BF8000CB873B /* XCTestCase+FailableDeleteFeedStoreSpecs.swift in Sources */,
				9640277F2D65BE6400CB873B /* XCTestCase+FailableRetrieveFeedStoreSpecs.swift in Sources */,
				96AA18342D59D0AF00D8B09F /* LoadFeedFromCacheUseCaseTests.swift in Sources */,
				9640277B2D65B98300CB873B /* FeedStoreSpecs.swift in Sources */,
				969E9E852D37ACDF00EED9D0 /* URLSessionHTTPClientTests.swift in Sources */,
				9648EFD12D7580920081B72C /* CoreDataFeedStoreTests.swift in Sources */,
				9640277D2D65BA2A00CB873B /* XCTestCase+FeedStoreSpecs.swift in Sources */,
			);
			runOnlyForDeploymentPostprocessing = 0;
		};
		96D921BC2D3F7A750022735C /* Sources */ = {
			isa = PBXSourcesBuildPhase;
			buildActionMask = 2147483647;
			files = (
				96D921CC2D3F7A920022735C /* EssentialFeedAPIEndToEndTests.swift in Sources */,
				96D921CD2D3F83A10022735C /* XCTestCaseMemoryLeakTrackingHelper.swift in Sources */,
				96AA18BE2D5B5FC700D8B09F /* SharedTestHelpers.swift in Sources */,
			);
			runOnlyForDeploymentPostprocessing = 0;
		};
		96DB8E1B2D805C2D00BDE19E /* Sources */ = {
			isa = PBXSourcesBuildPhase;
			buildActionMask = 2147483647;
			files = (
				964881762DB95B1A007E2D46 /* ErrorView.swift in Sources */,
				96560A912D91692E0001796D /* FeedImageDataLoader.swift in Sources */,
				96EE7D6E2DA5868800F91D27 /* UITableViewExtensions.swift in Sources */,
				96560A632D8C45A90001796D /* UIViewShimmering.swift in Sources */,
				962C5B512DA95F7F008CA3E8 /* FeedLoaderPresentationAdapter.swift in Sources */,
				96EE7D702DA587D700F91D27 /* UIImageViewExtensions.swift in Sources */,
				962C5B4F2DA95F3E008CA3E8 /* WeakRefVirtualProxy.swift in Sources */,
				969CF5EC2D843D2E00ECF410 /* FeedViewController.swift in Sources */,
				962C5B4D2DA95EDF008CA3E8 /* MainQueueDispatchDecorator.swift in Sources */,
				96560A612D8C2B040001796D /* FeedImageCell.swift in Sources */,
				9648817B2DB95E51007E2D46 /* UIRefreshControlExtensions.swift in Sources */,
				962C5B532DA95FA7008CA3E8 /* FeedImageDataLoaderPresentationAdapter.swift in Sources */,
				96560A9B2D9182C50001796D /* FeedImageCellController.swift in Sources */,
				962C5B552DA95FDD008CA3E8 /* FeedViewAdapter.swift in Sources */,
				96560A9E2D9189600001796D /* FeedUIComposer.swift in Sources */,
			);
			runOnlyForDeploymentPostprocessing = 0;
		};
		96DB8E242D805C2D00BDE19E /* Sources */ = {
			isa = PBXSourcesBuildPhase;
			buildActionMask = 2147483647;
			files = (
				969CF5DB2D841FF200ECF410 /* FeedUIIntegrationTests.swift in Sources */,
				969CF5EA2D84267E00ECF410 /* XCTestCaseMemoryLeakTrackingHelper.swift in Sources */,
			);
			runOnlyForDeploymentPostprocessing = 0;
		};
		96DFFA4F2D6C497B00A066F9 /* Sources */ = {
			isa = PBXSourcesBuildPhase;
			buildActionMask = 2147483647;
			files = (
				9648EFE22D76D6420081B72C /* SharedTestHelpers.swift in Sources */,
				96DFFA5F2D6C498D00A066F9 /* EssentialFeedCacheIntegrationTests.swift in Sources */,
				9648EFE12D76D61B0081B72C /* FeedCacheTestHelpers.swift in Sources */,
				9648EFE02D76D3100081B72C /* XCTestCaseMemoryLeakTrackingHelper.swift in Sources */,
			);
			runOnlyForDeploymentPostprocessing = 0;
		};
/* End PBXSourcesBuildPhase section */

/* Begin PBXTargetDependency section */
		080EDEFD21B6DA7E00813479 /* PBXTargetDependency */ = {
			isa = PBXTargetDependency;
			target = 080EDEF021B6DA7E00813479 /* EssentialFeed */;
			targetProxy = 080EDEFC21B6DA7E00813479 /* PBXContainerItemProxy */;
		};
		969CF5E82D84255300ECF410 /* PBXTargetDependency */ = {
			isa = PBXTargetDependency;
			target = 080EDEF021B6DA7E00813479 /* EssentialFeed */;
			targetProxy = 969CF5E72D84255300ECF410 /* PBXContainerItemProxy */;
		};
		96D921C62D3F7A750022735C /* PBXTargetDependency */ = {
			isa = PBXTargetDependency;
			target = 080EDEF021B6DA7E00813479 /* EssentialFeed */;
			targetProxy = 96D921C52D3F7A750022735C /* PBXContainerItemProxy */;
		};
		96DB8E2B2D805C2D00BDE19E /* PBXTargetDependency */ = {
			isa = PBXTargetDependency;
			target = 96DB8E1E2D805C2D00BDE19E /* EssentialFeediOS */;
			targetProxy = 96DB8E2A2D805C2D00BDE19E /* PBXContainerItemProxy */;
		};
		96DFFA592D6C497B00A066F9 /* PBXTargetDependency */ = {
			isa = PBXTargetDependency;
			target = 080EDEF021B6DA7E00813479 /* EssentialFeed */;
			targetProxy = 96DFFA582D6C497B00A066F9 /* PBXContainerItemProxy */;
		};
/* End PBXTargetDependency section */

/* Begin PBXVariantGroup section */
		9648817F2DB9756C007E2D46 /* Feed.strings */ = {
			isa = PBXVariantGroup;
			children = (
				964881802DB9756C007E2D46 /* en */,
				964881822DB97578007E2D46 /* uk */,
			);
			name = Feed.strings;
			sourceTree = "<group>";
		};
/* End PBXVariantGroup section */

/* Begin XCBuildConfiguration section */
		080EDF0321B6DA7E00813479 /* Debug */ = {
			isa = XCBuildConfiguration;
			buildSettings = {
				ALWAYS_SEARCH_USER_PATHS = NO;
				ASSETCATALOG_COMPILER_GENERATE_SWIFT_ASSET_SYMBOL_EXTENSIONS = YES;
				CLANG_ANALYZER_LOCALIZABILITY_NONLOCALIZED = YES;
				CLANG_ANALYZER_NONNULL = YES;
				CLANG_ANALYZER_NUMBER_OBJECT_CONVERSION = YES_AGGRESSIVE;
				CLANG_CXX_LANGUAGE_STANDARD = "gnu++14";
				CLANG_CXX_LIBRARY = "libc++";
				CLANG_ENABLE_MODULES = YES;
				CLANG_ENABLE_OBJC_ARC = YES;
				CLANG_ENABLE_OBJC_WEAK = YES;
				CLANG_WARN_BLOCK_CAPTURE_AUTORELEASING = YES;
				CLANG_WARN_BOOL_CONVERSION = YES;
				CLANG_WARN_COMMA = YES;
				CLANG_WARN_CONSTANT_CONVERSION = YES;
				CLANG_WARN_DEPRECATED_OBJC_IMPLEMENTATIONS = YES;
				CLANG_WARN_DIRECT_OBJC_ISA_USAGE = YES_ERROR;
				CLANG_WARN_DOCUMENTATION_COMMENTS = YES;
				CLANG_WARN_EMPTY_BODY = YES;
				CLANG_WARN_ENUM_CONVERSION = YES;
				CLANG_WARN_INFINITE_RECURSION = YES;
				CLANG_WARN_INT_CONVERSION = YES;
				CLANG_WARN_NON_LITERAL_NULL_CONVERSION = YES;
				CLANG_WARN_OBJC_IMPLICIT_RETAIN_SELF = YES;
				CLANG_WARN_OBJC_LITERAL_CONVERSION = YES;
				CLANG_WARN_OBJC_ROOT_CLASS = YES_ERROR;
				CLANG_WARN_QUOTED_INCLUDE_IN_FRAMEWORK_HEADER = YES;
				CLANG_WARN_RANGE_LOOP_ANALYSIS = YES;
				CLANG_WARN_STRICT_PROTOTYPES = YES;
				CLANG_WARN_SUSPICIOUS_MOVE = YES;
				CLANG_WARN_UNGUARDED_AVAILABILITY = YES_AGGRESSIVE;
				CLANG_WARN_UNREACHABLE_CODE = YES;
				CLANG_WARN__DUPLICATE_METHOD_MATCH = YES;
				CODE_SIGN_IDENTITY = "Mac Developer";
				COPY_PHASE_STRIP = NO;
				CURRENT_PROJECT_VERSION = 1;
				DEAD_CODE_STRIPPING = YES;
				DEBUG_INFORMATION_FORMAT = dwarf;
				ENABLE_STRICT_OBJC_MSGSEND = YES;
				ENABLE_TESTABILITY = YES;
				ENABLE_USER_SCRIPT_SANDBOXING = YES;
				GCC_C_LANGUAGE_STANDARD = gnu11;
				GCC_DYNAMIC_NO_PIC = NO;
				GCC_NO_COMMON_BLOCKS = YES;
				GCC_OPTIMIZATION_LEVEL = 0;
				GCC_PREPROCESSOR_DEFINITIONS = (
					"DEBUG=1",
					"$(inherited)",
				);
				GCC_WARN_64_TO_32_BIT_CONVERSION = YES;
				GCC_WARN_ABOUT_RETURN_TYPE = YES_ERROR;
				GCC_WARN_UNDECLARED_SELECTOR = YES;
				GCC_WARN_UNINITIALIZED_AUTOS = YES_AGGRESSIVE;
				GCC_WARN_UNUSED_FUNCTION = YES;
				GCC_WARN_UNUSED_VARIABLE = YES;
				MACOSX_DEPLOYMENT_TARGET = 14.0;
				MTL_ENABLE_DEBUG_INFO = INCLUDE_SOURCE;
				MTL_FAST_MATH = YES;
				ONLY_ACTIVE_ARCH = YES;
				SDKROOT = macosx;
				SWIFT_ACTIVE_COMPILATION_CONDITIONS = DEBUG;
				SWIFT_OPTIMIZATION_LEVEL = "-Onone";
				SWIFT_STRICT_CONCURRENCY = minimal;
				SWIFT_VERSION = 5.0;
				VERSIONING_SYSTEM = "apple-generic";
				VERSION_INFO_PREFIX = "";
			};
			name = Debug;
		};
		080EDF0421B6DA7E00813479 /* Release */ = {
			isa = XCBuildConfiguration;
			buildSettings = {
				ALWAYS_SEARCH_USER_PATHS = NO;
				ASSETCATALOG_COMPILER_GENERATE_SWIFT_ASSET_SYMBOL_EXTENSIONS = YES;
				CLANG_ANALYZER_LOCALIZABILITY_NONLOCALIZED = YES;
				CLANG_ANALYZER_NONNULL = YES;
				CLANG_ANALYZER_NUMBER_OBJECT_CONVERSION = YES_AGGRESSIVE;
				CLANG_CXX_LANGUAGE_STANDARD = "gnu++14";
				CLANG_CXX_LIBRARY = "libc++";
				CLANG_ENABLE_MODULES = YES;
				CLANG_ENABLE_OBJC_ARC = YES;
				CLANG_ENABLE_OBJC_WEAK = YES;
				CLANG_WARN_BLOCK_CAPTURE_AUTORELEASING = YES;
				CLANG_WARN_BOOL_CONVERSION = YES;
				CLANG_WARN_COMMA = YES;
				CLANG_WARN_CONSTANT_CONVERSION = YES;
				CLANG_WARN_DEPRECATED_OBJC_IMPLEMENTATIONS = YES;
				CLANG_WARN_DIRECT_OBJC_ISA_USAGE = YES_ERROR;
				CLANG_WARN_DOCUMENTATION_COMMENTS = YES;
				CLANG_WARN_EMPTY_BODY = YES;
				CLANG_WARN_ENUM_CONVERSION = YES;
				CLANG_WARN_INFINITE_RECURSION = YES;
				CLANG_WARN_INT_CONVERSION = YES;
				CLANG_WARN_NON_LITERAL_NULL_CONVERSION = YES;
				CLANG_WARN_OBJC_IMPLICIT_RETAIN_SELF = YES;
				CLANG_WARN_OBJC_LITERAL_CONVERSION = YES;
				CLANG_WARN_OBJC_ROOT_CLASS = YES_ERROR;
				CLANG_WARN_QUOTED_INCLUDE_IN_FRAMEWORK_HEADER = YES;
				CLANG_WARN_RANGE_LOOP_ANALYSIS = YES;
				CLANG_WARN_STRICT_PROTOTYPES = YES;
				CLANG_WARN_SUSPICIOUS_MOVE = YES;
				CLANG_WARN_UNGUARDED_AVAILABILITY = YES_AGGRESSIVE;
				CLANG_WARN_UNREACHABLE_CODE = YES;
				CLANG_WARN__DUPLICATE_METHOD_MATCH = YES;
				CODE_SIGN_IDENTITY = "Mac Developer";
				COPY_PHASE_STRIP = NO;
				CURRENT_PROJECT_VERSION = 1;
				DEAD_CODE_STRIPPING = YES;
				DEBUG_INFORMATION_FORMAT = "dwarf-with-dsym";
				ENABLE_NS_ASSERTIONS = NO;
				ENABLE_STRICT_OBJC_MSGSEND = YES;
				ENABLE_USER_SCRIPT_SANDBOXING = YES;
				GCC_C_LANGUAGE_STANDARD = gnu11;
				GCC_NO_COMMON_BLOCKS = YES;
				GCC_WARN_64_TO_32_BIT_CONVERSION = YES;
				GCC_WARN_ABOUT_RETURN_TYPE = YES_ERROR;
				GCC_WARN_UNDECLARED_SELECTOR = YES;
				GCC_WARN_UNINITIALIZED_AUTOS = YES_AGGRESSIVE;
				GCC_WARN_UNUSED_FUNCTION = YES;
				GCC_WARN_UNUSED_VARIABLE = YES;
				MACOSX_DEPLOYMENT_TARGET = 14.0;
				MTL_ENABLE_DEBUG_INFO = NO;
				MTL_FAST_MATH = YES;
				SDKROOT = macosx;
				SWIFT_COMPILATION_MODE = wholemodule;
				SWIFT_OPTIMIZATION_LEVEL = "-O";
				SWIFT_STRICT_CONCURRENCY = minimal;
				SWIFT_VERSION = 5.0;
				VERSIONING_SYSTEM = "apple-generic";
				VERSION_INFO_PREFIX = "";
			};
			name = Release;
		};
		080EDF0621B6DA7E00813479 /* Debug */ = {
			isa = XCBuildConfiguration;
			buildSettings = {
				CLANG_ENABLE_MODULES = YES;
				CODE_SIGN_IDENTITY = "";
				CODE_SIGN_STYLE = Automatic;
				COMBINE_HIDPI_IMAGES = YES;
				DEAD_CODE_STRIPPING = YES;
				DEFINES_MODULE = YES;
				DEVELOPMENT_TEAM = "";
				DYLIB_COMPATIBILITY_VERSION = 1;
				DYLIB_CURRENT_VERSION = 1;
				DYLIB_INSTALL_NAME_BASE = "@rpath";
				ENABLE_MODULE_VERIFIER = YES;
				FRAMEWORK_VERSION = A;
				INFOPLIST_FILE = EssentialFeed/Info.plist;
				INSTALL_PATH = "$(LOCAL_LIBRARY_DIR)/Frameworks";
				IPHONEOS_DEPLOYMENT_TARGET = 18.0;
				LD_RUNPATH_SEARCH_PATHS = (
					"$(inherited)",
					"@executable_path/../Frameworks",
					"@loader_path/Frameworks",
				);
				MACOSX_DEPLOYMENT_TARGET = 15.0;
				MODULE_VERIFIER_SUPPORTED_LANGUAGE_STANDARDS = "gnu11 gnu++14";
				PRODUCT_BUNDLE_IDENTIFIER = com.essentialdeveloper.EssentialFeed;
				PRODUCT_NAME = "$(TARGET_NAME:c99extidentifier)";
				SKIP_INSTALL = YES;
				SUPPORTED_PLATFORMS = "macosx iphonesimulator iphoneos";
				SWIFT_OPTIMIZATION_LEVEL = "-Onone";
			};
			name = Debug;
		};
		080EDF0721B6DA7E00813479 /* Release */ = {
			isa = XCBuildConfiguration;
			buildSettings = {
				CLANG_ENABLE_MODULES = YES;
				CODE_SIGN_IDENTITY = "";
				CODE_SIGN_STYLE = Automatic;
				COMBINE_HIDPI_IMAGES = YES;
				DEAD_CODE_STRIPPING = YES;
				DEFINES_MODULE = YES;
				DEVELOPMENT_TEAM = "";
				DYLIB_COMPATIBILITY_VERSION = 1;
				DYLIB_CURRENT_VERSION = 1;
				DYLIB_INSTALL_NAME_BASE = "@rpath";
				ENABLE_MODULE_VERIFIER = YES;
				FRAMEWORK_VERSION = A;
				INFOPLIST_FILE = EssentialFeed/Info.plist;
				INSTALL_PATH = "$(LOCAL_LIBRARY_DIR)/Frameworks";
				IPHONEOS_DEPLOYMENT_TARGET = 18.0;
				LD_RUNPATH_SEARCH_PATHS = (
					"$(inherited)",
					"@executable_path/../Frameworks",
					"@loader_path/Frameworks",
				);
				MACOSX_DEPLOYMENT_TARGET = 15.0;
				MODULE_VERIFIER_SUPPORTED_LANGUAGE_STANDARDS = "gnu11 gnu++14";
				PRODUCT_BUNDLE_IDENTIFIER = com.essentialdeveloper.EssentialFeed;
				PRODUCT_NAME = "$(TARGET_NAME:c99extidentifier)";
				SKIP_INSTALL = YES;
				SUPPORTED_PLATFORMS = "macosx iphonesimulator iphoneos";
			};
			name = Release;
		};
		080EDF0921B6DA7E00813479 /* Debug */ = {
			isa = XCBuildConfiguration;
			buildSettings = {
				CLANG_ENABLE_MODULES = YES;
				"CODE_SIGN_IDENTITY[sdk=macosx*]" = "-";
				CODE_SIGN_STYLE = Automatic;
				COMBINE_HIDPI_IMAGES = YES;
				DEAD_CODE_STRIPPING = YES;
				DEVELOPMENT_TEAM = "";
				INFOPLIST_FILE = EssentialFeedTests/Info.plist;
				LD_RUNPATH_SEARCH_PATHS = (
					"$(inherited)",
					"@executable_path/../Frameworks",
					"@loader_path/../Frameworks",
				);
				MACOSX_DEPLOYMENT_TARGET = 15.0;
				PRODUCT_BUNDLE_IDENTIFIER = com.essentialdeveloper.EssentialFeedTests;
				PRODUCT_NAME = "$(TARGET_NAME)";
				SUPPORTED_PLATFORMS = "macosx iphonesimulator iphoneos";
				SWIFT_OPTIMIZATION_LEVEL = "-Onone";
				SWIFT_VERSION = 5.0;
			};
			name = Debug;
		};
		080EDF0A21B6DA7E00813479 /* Release */ = {
			isa = XCBuildConfiguration;
			buildSettings = {
				CLANG_ENABLE_MODULES = YES;
				"CODE_SIGN_IDENTITY[sdk=macosx*]" = "-";
				CODE_SIGN_STYLE = Automatic;
				COMBINE_HIDPI_IMAGES = YES;
				DEAD_CODE_STRIPPING = YES;
				DEVELOPMENT_TEAM = "";
				INFOPLIST_FILE = EssentialFeedTests/Info.plist;
				LD_RUNPATH_SEARCH_PATHS = (
					"$(inherited)",
					"@executable_path/../Frameworks",
					"@loader_path/../Frameworks",
				);
				MACOSX_DEPLOYMENT_TARGET = 15.0;
				PRODUCT_BUNDLE_IDENTIFIER = com.essentialdeveloper.EssentialFeedTests;
				PRODUCT_NAME = "$(TARGET_NAME)";
				SUPPORTED_PLATFORMS = "macosx iphonesimulator iphoneos";
				SWIFT_VERSION = 5.0;
			};
			name = Release;
		};
		96D921C72D3F7A750022735C /* Debug */ = {
			isa = XCBuildConfiguration;
			buildSettings = {
				CLANG_CXX_LANGUAGE_STANDARD = "gnu++20";
				"CODE_SIGN_IDENTITY[sdk=macosx*]" = "-";
				CODE_SIGN_STYLE = Automatic;
				CURRENT_PROJECT_VERSION = 1;
				GCC_C_LANGUAGE_STANDARD = gnu17;
				GENERATE_INFOPLIST_FILE = YES;
				LOCALIZATION_PREFERS_STRING_CATALOGS = YES;
				MACOSX_DEPLOYMENT_TARGET = 15.0;
				MARKETING_VERSION = 1.0;
				PRODUCT_BUNDLE_IDENTIFIER = com.essentialdeveloper.EssentialFeedAPIEndToEndTests;
				PRODUCT_NAME = "$(TARGET_NAME)";
				SUPPORTED_PLATFORMS = "macosx iphonesimulator iphoneos";
				SWIFT_ACTIVE_COMPILATION_CONDITIONS = "DEBUG $(inherited)";
				SWIFT_EMIT_LOC_STRINGS = NO;
				SWIFT_VERSION = 5.0;
			};
			name = Debug;
		};
		96D921C82D3F7A750022735C /* Release */ = {
			isa = XCBuildConfiguration;
			buildSettings = {
				CLANG_CXX_LANGUAGE_STANDARD = "gnu++20";
				"CODE_SIGN_IDENTITY[sdk=macosx*]" = "-";
				CODE_SIGN_STYLE = Automatic;
				CURRENT_PROJECT_VERSION = 1;
				GCC_C_LANGUAGE_STANDARD = gnu17;
				GENERATE_INFOPLIST_FILE = YES;
				LOCALIZATION_PREFERS_STRING_CATALOGS = YES;
				MACOSX_DEPLOYMENT_TARGET = 15.0;
				MARKETING_VERSION = 1.0;
				PRODUCT_BUNDLE_IDENTIFIER = com.essentialdeveloper.EssentialFeedAPIEndToEndTests;
				PRODUCT_NAME = "$(TARGET_NAME)";
				SUPPORTED_PLATFORMS = "macosx iphonesimulator iphoneos";
				SWIFT_EMIT_LOC_STRINGS = NO;
				SWIFT_VERSION = 5.0;
			};
			name = Release;
		};
		96DB8E322D805C2D00BDE19E /* Debug */ = {
			isa = XCBuildConfiguration;
			buildSettings = {
				BUILD_LIBRARY_FOR_DISTRIBUTION = NO;
				CLANG_CXX_LANGUAGE_STANDARD = "gnu++20";
				CLANG_ENABLE_MODULES = YES;
				CODE_SIGN_IDENTITY = "";
				CODE_SIGN_STYLE = Automatic;
				CURRENT_PROJECT_VERSION = 1;
				DEFINES_MODULE = YES;
				DYLIB_COMPATIBILITY_VERSION = 1;
				DYLIB_CURRENT_VERSION = 1;
				DYLIB_INSTALL_NAME_BASE = "@rpath";
				ENABLE_MODULE_VERIFIER = YES;
				GCC_C_LANGUAGE_STANDARD = gnu17;
				GENERATE_INFOPLIST_FILE = YES;
				INFOPLIST_KEY_NSHumanReadableCopyright = "";
				INSTALL_PATH = "$(LOCAL_LIBRARY_DIR)/Frameworks";
				IPHONEOS_DEPLOYMENT_TARGET = 18.0;
				LD_RUNPATH_SEARCH_PATHS = (
					"$(inherited)",
					"@executable_path/Frameworks",
					"@loader_path/Frameworks",
				);
				LOCALIZATION_PREFERS_STRING_CATALOGS = YES;
				MARKETING_VERSION = 1.0;
				MODULE_VERIFIER_SUPPORTED_LANGUAGES = "objective-c objective-c++";
				MODULE_VERIFIER_SUPPORTED_LANGUAGE_STANDARDS = "gnu17 gnu++20";
				PRODUCT_BUNDLE_IDENTIFIER = com.essentialdeveloper.EssentialFeed.EssentialFeediOS;
				PRODUCT_NAME = "$(TARGET_NAME:c99extidentifier)";
				SDKROOT = iphoneos;
				SKIP_INSTALL = YES;
				SUPPORTED_PLATFORMS = "iphoneos iphonesimulator";
				SUPPORTS_MACCATALYST = NO;
				SUPPORTS_MAC_DESIGNED_FOR_IPHONE_IPAD = NO;
				SUPPORTS_XR_DESIGNED_FOR_IPHONE_IPAD = NO;
				SWIFT_ACTIVE_COMPILATION_CONDITIONS = "DEBUG $(inherited)";
				SWIFT_EMIT_LOC_STRINGS = YES;
				SWIFT_INSTALL_OBJC_HEADER = NO;
				SWIFT_OPTIMIZATION_LEVEL = "-Onone";
				SWIFT_VERSION = 5.0;
				TARGETED_DEVICE_FAMILY = 1;
			};
			name = Debug;
		};
		96DB8E332D805C2D00BDE19E /* Release */ = {
			isa = XCBuildConfiguration;
			buildSettings = {
				BUILD_LIBRARY_FOR_DISTRIBUTION = NO;
				CLANG_CXX_LANGUAGE_STANDARD = "gnu++20";
				CLANG_ENABLE_MODULES = YES;
				CODE_SIGN_IDENTITY = "";
				CODE_SIGN_STYLE = Automatic;
				CURRENT_PROJECT_VERSION = 1;
				DEFINES_MODULE = YES;
				DYLIB_COMPATIBILITY_VERSION = 1;
				DYLIB_CURRENT_VERSION = 1;
				DYLIB_INSTALL_NAME_BASE = "@rpath";
				ENABLE_MODULE_VERIFIER = YES;
				GCC_C_LANGUAGE_STANDARD = gnu17;
				GENERATE_INFOPLIST_FILE = YES;
				INFOPLIST_KEY_NSHumanReadableCopyright = "";
				INSTALL_PATH = "$(LOCAL_LIBRARY_DIR)/Frameworks";
				IPHONEOS_DEPLOYMENT_TARGET = 18.0;
				LD_RUNPATH_SEARCH_PATHS = (
					"$(inherited)",
					"@executable_path/Frameworks",
					"@loader_path/Frameworks",
				);
				LOCALIZATION_PREFERS_STRING_CATALOGS = YES;
				MARKETING_VERSION = 1.0;
				MODULE_VERIFIER_SUPPORTED_LANGUAGES = "objective-c objective-c++";
				MODULE_VERIFIER_SUPPORTED_LANGUAGE_STANDARDS = "gnu17 gnu++20";
				PRODUCT_BUNDLE_IDENTIFIER = com.essentialdeveloper.EssentialFeed.EssentialFeediOS;
				PRODUCT_NAME = "$(TARGET_NAME:c99extidentifier)";
				SDKROOT = iphoneos;
				SKIP_INSTALL = YES;
				SUPPORTED_PLATFORMS = "iphoneos iphonesimulator";
				SUPPORTS_MACCATALYST = NO;
				SUPPORTS_MAC_DESIGNED_FOR_IPHONE_IPAD = NO;
				SUPPORTS_XR_DESIGNED_FOR_IPHONE_IPAD = NO;
				SWIFT_EMIT_LOC_STRINGS = YES;
				SWIFT_INSTALL_OBJC_HEADER = NO;
				SWIFT_VERSION = 5.0;
				TARGETED_DEVICE_FAMILY = 1;
				VALIDATE_PRODUCT = YES;
			};
			name = Release;
		};
		96DB8E352D805C2D00BDE19E /* Debug */ = {
			isa = XCBuildConfiguration;
			buildSettings = {
				CLANG_CXX_LANGUAGE_STANDARD = "gnu++20";
				CLANG_ENABLE_MODULES = YES;
				CODE_SIGN_STYLE = Automatic;
				CURRENT_PROJECT_VERSION = 1;
				GCC_C_LANGUAGE_STANDARD = gnu17;
				GENERATE_INFOPLIST_FILE = YES;
				IPHONEOS_DEPLOYMENT_TARGET = 18.0;
				LOCALIZATION_PREFERS_STRING_CATALOGS = YES;
				MARKETING_VERSION = 1.0;
				PRODUCT_BUNDLE_IDENTIFIER = com.essentialdeveloper.EssentialFeed.EssentialFeediOSTests;
				PRODUCT_NAME = "$(TARGET_NAME)";
				SDKROOT = iphoneos;
				SUPPORTED_PLATFORMS = "iphoneos iphonesimulator";
				SUPPORTS_MACCATALYST = NO;
				SUPPORTS_MAC_DESIGNED_FOR_IPHONE_IPAD = NO;
				SUPPORTS_XR_DESIGNED_FOR_IPHONE_IPAD = NO;
				SWIFT_ACTIVE_COMPILATION_CONDITIONS = "DEBUG $(inherited)";
				SWIFT_EMIT_LOC_STRINGS = NO;
				SWIFT_OPTIMIZATION_LEVEL = "-Onone";
				SWIFT_VERSION = 5.0;
				TARGETED_DEVICE_FAMILY = 1;
			};
			name = Debug;
		};
		96DB8E362D805C2D00BDE19E /* Release */ = {
			isa = XCBuildConfiguration;
			buildSettings = {
				CLANG_CXX_LANGUAGE_STANDARD = "gnu++20";
				CLANG_ENABLE_MODULES = YES;
				CODE_SIGN_STYLE = Automatic;
				CURRENT_PROJECT_VERSION = 1;
				GCC_C_LANGUAGE_STANDARD = gnu17;
				GENERATE_INFOPLIST_FILE = YES;
				IPHONEOS_DEPLOYMENT_TARGET = 18.0;
				LOCALIZATION_PREFERS_STRING_CATALOGS = YES;
				MARKETING_VERSION = 1.0;
				PRODUCT_BUNDLE_IDENTIFIER = com.essentialdeveloper.EssentialFeed.EssentialFeediOSTests;
				PRODUCT_NAME = "$(TARGET_NAME)";
				SDKROOT = iphoneos;
				SUPPORTED_PLATFORMS = "iphoneos iphonesimulator";
				SUPPORTS_MACCATALYST = NO;
				SUPPORTS_MAC_DESIGNED_FOR_IPHONE_IPAD = NO;
				SUPPORTS_XR_DESIGNED_FOR_IPHONE_IPAD = NO;
				SWIFT_EMIT_LOC_STRINGS = NO;
				SWIFT_VERSION = 5.0;
				TARGETED_DEVICE_FAMILY = 1;
				VALIDATE_PRODUCT = YES;
			};
			name = Release;
		};
		96DFFA5A2D6C497B00A066F9 /* Debug */ = {
			isa = XCBuildConfiguration;
			buildSettings = {
				CLANG_CXX_LANGUAGE_STANDARD = "gnu++20";
				"CODE_SIGN_IDENTITY[sdk=macosx*]" = "-";
				CODE_SIGN_STYLE = Automatic;
				CURRENT_PROJECT_VERSION = 1;
				GCC_C_LANGUAGE_STANDARD = gnu17;
				GENERATE_INFOPLIST_FILE = YES;
				LOCALIZATION_PREFERS_STRING_CATALOGS = YES;
				MACOSX_DEPLOYMENT_TARGET = 15.0;
				MARKETING_VERSION = 1.0;
				PRODUCT_BUNDLE_IDENTIFIER = com.essentialdeveloper.EssentialFeedCacheIntegrationTests.EssentialFeedCacheIntegrationTests;
				PRODUCT_NAME = "$(TARGET_NAME)";
				SUPPORTED_PLATFORMS = "macosx iphonesimulator iphoneos";
				SWIFT_ACTIVE_COMPILATION_CONDITIONS = "DEBUG $(inherited)";
				SWIFT_EMIT_LOC_STRINGS = NO;
				SWIFT_VERSION = 5.0;
			};
			name = Debug;
		};
		96DFFA5B2D6C497B00A066F9 /* Release */ = {
			isa = XCBuildConfiguration;
			buildSettings = {
				CLANG_CXX_LANGUAGE_STANDARD = "gnu++20";
				"CODE_SIGN_IDENTITY[sdk=macosx*]" = "-";
				CODE_SIGN_STYLE = Automatic;
				CURRENT_PROJECT_VERSION = 1;
				GCC_C_LANGUAGE_STANDARD = gnu17;
				GENERATE_INFOPLIST_FILE = YES;
				LOCALIZATION_PREFERS_STRING_CATALOGS = YES;
				MACOSX_DEPLOYMENT_TARGET = 15.0;
				MARKETING_VERSION = 1.0;
				PRODUCT_BUNDLE_IDENTIFIER = com.essentialdeveloper.EssentialFeedCacheIntegrationTests.EssentialFeedCacheIntegrationTests;
				PRODUCT_NAME = "$(TARGET_NAME)";
				SUPPORTED_PLATFORMS = "macosx iphonesimulator iphoneos";
				SWIFT_EMIT_LOC_STRINGS = NO;
				SWIFT_VERSION = 5.0;
			};
			name = Release;
		};
/* End XCBuildConfiguration section */

/* Begin XCConfigurationList section */
		080EDEEB21B6DA7E00813479 /* Build configuration list for PBXProject "EssentialFeed" */ = {
			isa = XCConfigurationList;
			buildConfigurations = (
				080EDF0321B6DA7E00813479 /* Debug */,
				080EDF0421B6DA7E00813479 /* Release */,
			);
			defaultConfigurationIsVisible = 0;
			defaultConfigurationName = Release;
		};
		080EDF0521B6DA7E00813479 /* Build configuration list for PBXNativeTarget "EssentialFeed" */ = {
			isa = XCConfigurationList;
			buildConfigurations = (
				080EDF0621B6DA7E00813479 /* Debug */,
				080EDF0721B6DA7E00813479 /* Release */,
			);
			defaultConfigurationIsVisible = 0;
			defaultConfigurationName = Release;
		};
		080EDF0821B6DA7E00813479 /* Build configuration list for PBXNativeTarget "EssentialFeedTests" */ = {
			isa = XCConfigurationList;
			buildConfigurations = (
				080EDF0921B6DA7E00813479 /* Debug */,
				080EDF0A21B6DA7E00813479 /* Release */,
			);
			defaultConfigurationIsVisible = 0;
			defaultConfigurationName = Release;
		};
		96D921C92D3F7A750022735C /* Build configuration list for PBXNativeTarget "EssentialFeedAPIEndToEndTests" */ = {
			isa = XCConfigurationList;
			buildConfigurations = (
				96D921C72D3F7A750022735C /* Debug */,
				96D921C82D3F7A750022735C /* Release */,
			);
			defaultConfigurationIsVisible = 0;
			defaultConfigurationName = Release;
		};
		96DB8E312D805C2D00BDE19E /* Build configuration list for PBXNativeTarget "EssentialFeediOS" */ = {
			isa = XCConfigurationList;
			buildConfigurations = (
				96DB8E322D805C2D00BDE19E /* Debug */,
				96DB8E332D805C2D00BDE19E /* Release */,
			);
			defaultConfigurationIsVisible = 0;
			defaultConfigurationName = Release;
		};
		96DB8E342D805C2D00BDE19E /* Build configuration list for PBXNativeTarget "EssentialFeediOSTests" */ = {
			isa = XCConfigurationList;
			buildConfigurations = (
				96DB8E352D805C2D00BDE19E /* Debug */,
				96DB8E362D805C2D00BDE19E /* Release */,
			);
			defaultConfigurationIsVisible = 0;
			defaultConfigurationName = Release;
		};
		96DFFA5C2D6C497B00A066F9 /* Build configuration list for PBXNativeTarget "EssentialFeedCacheIntegrationTests" */ = {
			isa = XCConfigurationList;
			buildConfigurations = (
				96DFFA5A2D6C497B00A066F9 /* Debug */,
				96DFFA5B2D6C497B00A066F9 /* Release */,
			);
			defaultConfigurationIsVisible = 0;
			defaultConfigurationName = Release;
		};
/* End XCConfigurationList section */

/* Begin XCVersionGroup section */
		9648EFD42D7583860081B72C /* FeedStore.xcdatamodeld */ = {
			isa = XCVersionGroup;
			children = (
				9648EFD52D7583860081B72C /* FeedStore.xcdatamodel */,
			);
			currentVersion = 9648EFD52D7583860081B72C /* FeedStore.xcdatamodel */;
			path = FeedStore.xcdatamodeld;
			sourceTree = "<group>";
			versionGroupType = wrapper.xcdatamodel;
		};
/* End XCVersionGroup section */
	};
	rootObject = 080EDEE821B6DA7E00813479 /* Project object */;
}
