// !$*UTF8*$!
{
	archiveVersion = 1;
	classes = {
	};
	objectVersion = 77;
	objects = {

/* Begin PBXBuildFile section */
		961B3AB22DBD05920052EB77 /* FeedLoaderWithFallbackComposite.swift in Sources */ = {isa = PBXBuildFile; fileRef = 964882452DBD00DA007E2D46 /* FeedLoaderWithFallbackComposite.swift */; };
		961B3AB42DBD05F10052EB77 /* SharedTestHelpers.swift in Sources */ = {isa = PBXBuildFile; fileRef = 961B3AB32DBD05F10052EB77 /* SharedTestHelpers.swift */; };
		961B3AB72DBD06220052EB77 /* XCTestCase+MemoryLeakTracking.swift in Sources */ = {isa = PBXBuildFile; fileRef = 961B3AB62DBD06220052EB77 /* XCTestCase+MemoryLeakTracking.swift */; };
		961B3AB92DBD06470052EB77 /* FeedImageDataLoaderWithFallbackCompositeTests.swift in Sources */ = {isa = PBXBuildFile; fileRef = 961B3AB82DBD06470052EB77 /* FeedImageDataLoaderWithFallbackCompositeTests.swift */; };
		961B3ABB2DBD066B0052EB77 /* FeedImageDataLoaderWithFallbackComposite.swift in Sources */ = {isa = PBXBuildFile; fileRef = 961B3ABA2DBD066B0052EB77 /* FeedImageDataLoaderWithFallbackComposite.swift */; };
		961B3ABD2DBD474A0052EB77 /* EssentialAppCITestPlan.xctestplan in Resources */ = {isa = PBXBuildFile; fileRef = 961B3ABC2DBD474A0052EB77 /* EssentialAppCITestPlan.xctestplan */; };
		961B3ABF2DBE4C940052EB77 /* FeedLoaderCacheDecoratorTests.swift in Sources */ = {isa = PBXBuildFile; fileRef = 961B3ABE2DBE4C940052EB77 /* FeedLoaderCacheDecoratorTests.swift */; };
		961B3AC12DBE4ECE0052EB77 /* FeedLoaderStub.swift in Sources */ = {isa = PBXBuildFile; fileRef = 961B3AC02DBE4ECE0052EB77 /* FeedLoaderStub.swift */; };
		961B3AC32DBE4FCA0052EB77 /* XCTestCase+FeedLoader.swift in Sources */ = {isa = PBXBuildFile; fileRef = 961B3AC22DBE4FCA0052EB77 /* XCTestCase+FeedLoader.swift */; };
		964882152DBBE1EC007E2D46 /* AppDelegate.swift in Sources */ = {isa = PBXBuildFile; fileRef = 9648820B2DBBE1EC007E2D46 /* AppDelegate.swift */; };
		964882162DBBE1EC007E2D46 /* SceneDelegate.swift in Sources */ = {isa = PBXBuildFile; fileRef = 964882122DBBE1EC007E2D46 /* SceneDelegate.swift */; };
		964882172DBBE1EC007E2D46 /* ViewController.swift in Sources */ = {isa = PBXBuildFile; fileRef = 964882132DBBE1EC007E2D46 /* ViewController.swift */; };
		964882182DBBE1EC007E2D46 /* Assets.xcassets in Resources */ = {isa = PBXBuildFile; fileRef = 9648820C2DBBE1EC007E2D46 /* Assets.xcassets */; };
		9648821A2DBBE1EC007E2D46 /* LaunchScreen.storyboard in Resources */ = {isa = PBXBuildFile; fileRef = 9648820F2DBBE1EC007E2D46 /* LaunchScreen.storyboard */; };
		9648821B2DBBE1EC007E2D46 /* Main.storyboard in Resources */ = {isa = PBXBuildFile; fileRef = 964882112DBBE1EC007E2D46 /* Main.storyboard */; };
		9648821E2DBBE1EF007E2D46 /* FeedLoaderWithFallbackCompositeTests.swift in Sources */ = {isa = PBXBuildFile; fileRef = 9648821C2DBBE1EF007E2D46 /* FeedLoaderWithFallbackCompositeTests.swift */; };
		9648823C2DBBE659007E2D46 /* EssentialFeed.framework in Frameworks */ = {isa = PBXBuildFile; fileRef = 9648823A2DBBE659007E2D46 /* EssentialFeed.framework */; };
		9648823D2DBBE659007E2D46 /* EssentialFeed.framework in Embed Frameworks */ = {isa = PBXBuildFile; fileRef = 9648823A2DBBE659007E2D46 /* EssentialFeed.framework */; settings = {ATTRIBUTES = (CodeSignOnCopy, RemoveHeadersOnCopy, ); }; };
		9648823E2DBBE659007E2D46 /* EssentialFeediOS.framework in Frameworks */ = {isa = PBXBuildFile; fileRef = 9648823B2DBBE659007E2D46 /* EssentialFeediOS.framework */; };
		9648823F2DBBE659007E2D46 /* EssentialFeediOS.framework in Embed Frameworks */ = {isa = PBXBuildFile; fileRef = 9648823B2DBBE659007E2D46 /* EssentialFeediOS.framework */; settings = {ATTRIBUTES = (CodeSignOnCopy, RemoveHeadersOnCopy, ); }; };
		964882442DBCFAE5007E2D46 /* EssentialAppTestPlan.xctestplan in Resources */ = {isa = PBXBuildFile; fileRef = 964882432DBCFAE5007E2D46 /* EssentialAppTestPlan.xctestplan */; };
/* End PBXBuildFile section */

/* Begin PBXContainerItemProxy section */
		964881D82DBBE1C4007E2D46 /* PBXContainerItemProxy */ = {
			isa = PBXContainerItemProxy;
			containerPortal = 964881B92DBBE1C3007E2D46 /* Project object */;
			proxyType = 1;
			remoteGlobalIDString = 964881C02DBBE1C3007E2D46;
			remoteInfo = EssentialApp;
		};
/* End PBXContainerItemProxy section */

/* Begin PBXCopyFilesBuildPhase section */
		964882402DBBE65A007E2D46 /* Embed Frameworks */ = {
			isa = PBXCopyFilesBuildPhase;
			buildActionMask = 2147483647;
			dstPath = "";
			dstSubfolderSpec = 10;
			files = (
				9648823D2DBBE659007E2D46 /* EssentialFeed.framework in Embed Frameworks */,
				9648823F2DBBE659007E2D46 /* EssentialFeediOS.framework in Embed Frameworks */,
			);
			name = "Embed Frameworks";
			runOnlyForDeploymentPostprocessing = 0;
		};
/* End PBXCopyFilesBuildPhase section */

/* Begin PBXFileReference section */
		961B3AB32DBD05F10052EB77 /* SharedTestHelpers.swift */ = {isa = PBXFileReference; lastKnownFileType = sourcecode.swift; path = SharedTestHelpers.swift; sourceTree = "<group>"; };
		961B3AB62DBD06220052EB77 /* XCTestCase+MemoryLeakTracking.swift */ = {isa = PBXFileReference; lastKnownFileType = sourcecode.swift; path = "XCTestCase+MemoryLeakTracking.swift"; sourceTree = "<group>"; };
		961B3AB82DBD06470052EB77 /* FeedImageDataLoaderWithFallbackCompositeTests.swift */ = {isa = PBXFileReference; lastKnownFileType = sourcecode.swift; path = FeedImageDataLoaderWithFallbackCompositeTests.swift; sourceTree = "<group>"; };
		961B3ABA2DBD066B0052EB77 /* FeedImageDataLoaderWithFallbackComposite.swift */ = {isa = PBXFileReference; lastKnownFileType = sourcecode.swift; path = FeedImageDataLoaderWithFallbackComposite.swift; sourceTree = "<group>"; };
		961B3ABC2DBD474A0052EB77 /* EssentialAppCITestPlan.xctestplan */ = {isa = PBXFileReference; lastKnownFileType = text; path = EssentialAppCITestPlan.xctestplan; sourceTree = "<group>"; };
		961B3ABE2DBE4C940052EB77 /* FeedLoaderCacheDecoratorTests.swift */ = {isa = PBXFileReference; lastKnownFileType = sourcecode.swift; path = FeedLoaderCacheDecoratorTests.swift; sourceTree = "<group>"; };
		961B3AC02DBE4ECE0052EB77 /* FeedLoaderStub.swift */ = {isa = PBXFileReference; lastKnownFileType = sourcecode.swift; path = FeedLoaderStub.swift; sourceTree = "<group>"; };
		961B3AC22DBE4FCA0052EB77 /* XCTestCase+FeedLoader.swift */ = {isa = PBXFileReference; lastKnownFileType = sourcecode.swift; path = "XCTestCase+FeedLoader.swift"; sourceTree = "<group>"; };
		964881C12DBBE1C3007E2D46 /* EssentialApp.app */ = {isa = PBXFileReference; explicitFileType = wrapper.application; includeInIndex = 0; path = EssentialApp.app; sourceTree = BUILT_PRODUCTS_DIR; };
		964881D72DBBE1C4007E2D46 /* EssentialAppTests.xctest */ = {isa = PBXFileReference; explicitFileType = wrapper.cfbundle; includeInIndex = 0; path = EssentialAppTests.xctest; sourceTree = BUILT_PRODUCTS_DIR; };
		9648820B2DBBE1EC007E2D46 /* AppDelegate.swift */ = {isa = PBXFileReference; lastKnownFileType = sourcecode.swift; path = AppDelegate.swift; sourceTree = "<group>"; };
		9648820C2DBBE1EC007E2D46 /* Assets.xcassets */ = {isa = PBXFileReference; lastKnownFileType = folder.assetcatalog; path = Assets.xcassets; sourceTree = "<group>"; };
		9648820D2DBBE1EC007E2D46 /* Info.plist */ = {isa = PBXFileReference; lastKnownFileType = text.plist.xml; path = Info.plist; sourceTree = "<group>"; };
		9648820E2DBBE1EC007E2D46 /* Base */ = {isa = PBXFileReference; lastKnownFileType = file.storyboard; name = Base; path = Base.lproj/LaunchScreen.storyboard; sourceTree = "<group>"; };
		964882102DBBE1EC007E2D46 /* Base */ = {isa = PBXFileReference; lastKnownFileType = file.storyboard; name = Base; path = Base.lproj/Main.storyboard; sourceTree = "<group>"; };
		964882122DBBE1EC007E2D46 /* SceneDelegate.swift */ = {isa = PBXFileReference; lastKnownFileType = sourcecode.swift; path = SceneDelegate.swift; sourceTree = "<group>"; };
		964882132DBBE1EC007E2D46 /* ViewController.swift */ = {isa = PBXFileReference; lastKnownFileType = sourcecode.swift; path = ViewController.swift; sourceTree = "<group>"; };
		9648821C2DBBE1EF007E2D46 /* FeedLoaderWithFallbackCompositeTests.swift */ = {isa = PBXFileReference; lastKnownFileType = sourcecode.swift; path = FeedLoaderWithFallbackCompositeTests.swift; sourceTree = "<group>"; };
		9648823A2DBBE659007E2D46 /* EssentialFeed.framework */ = {isa = PBXFileReference; explicitFileType = wrapper.framework; path = EssentialFeed.framework; sourceTree = BUILT_PRODUCTS_DIR; };
		9648823B2DBBE659007E2D46 /* EssentialFeediOS.framework */ = {isa = PBXFileReference; explicitFileType = wrapper.framework; path = EssentialFeediOS.framework; sourceTree = BUILT_PRODUCTS_DIR; };
		964882432DBCFAE5007E2D46 /* EssentialAppTestPlan.xctestplan */ = {isa = PBXFileReference; lastKnownFileType = text; path = EssentialAppTestPlan.xctestplan; sourceTree = "<group>"; };
		964882452DBD00DA007E2D46 /* FeedLoaderWithFallbackComposite.swift */ = {isa = PBXFileReference; lastKnownFileType = sourcecode.swift; path = FeedLoaderWithFallbackComposite.swift; sourceTree = "<group>"; };
/* End PBXFileReference section */

/* Begin PBXFrameworksBuildPhase section */
		964881BE2DBBE1C3007E2D46 /* Frameworks */ = {
			isa = PBXFrameworksBuildPhase;
			buildActionMask = 2147483647;
			files = (
				9648823C2DBBE659007E2D46 /* EssentialFeed.framework in Frameworks */,
				9648823E2DBBE659007E2D46 /* EssentialFeediOS.framework in Frameworks */,
			);
			runOnlyForDeploymentPostprocessing = 0;
		};
		964881D42DBBE1C4007E2D46 /* Frameworks */ = {
			isa = PBXFrameworksBuildPhase;
			buildActionMask = 2147483647;
			files = (
			);
			runOnlyForDeploymentPostprocessing = 0;
		};
/* End PBXFrameworksBuildPhase section */

/* Begin PBXGroup section */
		961B3AB52DBD06180052EB77 /* Helpers */ = {
			isa = PBXGroup;
			children = (
				961B3AB62DBD06220052EB77 /* XCTestCase+MemoryLeakTracking.swift */,
				961B3AC22DBE4FCA0052EB77 /* XCTestCase+FeedLoader.swift */,
				961B3AB32DBD05F10052EB77 /* SharedTestHelpers.swift */,
				961B3AC02DBE4ECE0052EB77 /* FeedLoaderStub.swift */,
			);
			path = Helpers;
			sourceTree = "<group>";
		};
		964881B82DBBE1C3007E2D46 = {
			isa = PBXGroup;
			children = (
				964882142DBBE1EC007E2D46 /* EssentialApp */,
				9648821D2DBBE1EF007E2D46 /* EssentialAppTests */,
				964882392DBBE659007E2D46 /* Frameworks */,
				964881C22DBBE1C3007E2D46 /* Products */,
			);
			sourceTree = "<group>";
		};
		964881C22DBBE1C3007E2D46 /* Products */ = {
			isa = PBXGroup;
			children = (
				964881C12DBBE1C3007E2D46 /* EssentialApp.app */,
				964881D72DBBE1C4007E2D46 /* EssentialAppTests.xctest */,
			);
			name = Products;
			sourceTree = "<group>";
		};
		964882142DBBE1EC007E2D46 /* EssentialApp */ = {
			isa = PBXGroup;
			children = (
				9648820B2DBBE1EC007E2D46 /* AppDelegate.swift */,
				9648820C2DBBE1EC007E2D46 /* Assets.xcassets */,
				9648820D2DBBE1EC007E2D46 /* Info.plist */,
				9648820F2DBBE1EC007E2D46 /* LaunchScreen.storyboard */,
				964882112DBBE1EC007E2D46 /* Main.storyboard */,
				964882122DBBE1EC007E2D46 /* SceneDelegate.swift */,
				964882132DBBE1EC007E2D46 /* ViewController.swift */,
				964882432DBCFAE5007E2D46 /* EssentialAppTestPlan.xctestplan */,
				961B3ABC2DBD474A0052EB77 /* EssentialAppCITestPlan.xctestplan */,
				964882452DBD00DA007E2D46 /* FeedLoaderWithFallbackComposite.swift */,
				961B3ABA2DBD066B0052EB77 /* FeedImageDataLoaderWithFallbackComposite.swift */,
			);
			path = EssentialApp;
			sourceTree = "<group>";
		};
		9648821D2DBBE1EF007E2D46 /* EssentialAppTests */ = {
			isa = PBXGroup;
			children = (
				961B3AB52DBD06180052EB77 /* Helpers */,
				9648821C2DBBE1EF007E2D46 /* FeedLoaderWithFallbackCompositeTests.swift */,
				961B3AB82DBD06470052EB77 /* FeedImageDataLoaderWithFallbackCompositeTests.swift */,
				961B3ABE2DBE4C940052EB77 /* FeedLoaderCacheDecoratorTests.swift */,
			);
			path = EssentialAppTests;
			sourceTree = "<group>";
		};
		964882392DBBE659007E2D46 /* Frameworks */ = {
			isa = PBXGroup;
			children = (
				9648823A2DBBE659007E2D46 /* EssentialFeed.framework */,
				9648823B2DBBE659007E2D46 /* EssentialFeediOS.framework */,
			);
			name = Frameworks;
			sourceTree = "<group>";
		};
/* End PBXGroup section */

/* Begin PBXNativeTarget section */
		964881C02DBBE1C3007E2D46 /* EssentialApp */ = {
			isa = PBXNativeTarget;
			buildConfigurationList = 964881EA2DBBE1C4007E2D46 /* Build configuration list for PBXNativeTarget "EssentialApp" */;
			buildPhases = (
				964881BD2DBBE1C3007E2D46 /* Sources */,
				964881BE2DBBE1C3007E2D46 /* Frameworks */,
				964881BF2DBBE1C3007E2D46 /* Resources */,
				964882402DBBE65A007E2D46 /* Embed Frameworks */,
			);
			buildRules = (
			);
			dependencies = (
			);
			name = EssentialApp;
			packageProductDependencies = (
			);
			productName = EssentialApp;
			productReference = 964881C12DBBE1C3007E2D46 /* EssentialApp.app */;
			productType = "com.apple.product-type.application";
		};
		964881D62DBBE1C4007E2D46 /* EssentialAppTests */ = {
			isa = PBXNativeTarget;
			buildConfigurationList = 964881EF2DBBE1C4007E2D46 /* Build configuration list for PBXNativeTarget "EssentialAppTests" */;
			buildPhases = (
				964881D32DBBE1C4007E2D46 /* Sources */,
				964881D42DBBE1C4007E2D46 /* Frameworks */,
				964881D52DBBE1C4007E2D46 /* Resources */,
			);
			buildRules = (
			);
			dependencies = (
				964881D92DBBE1C4007E2D46 /* PBXTargetDependency */,
			);
			name = EssentialAppTests;
			packageProductDependencies = (
			);
			productName = EssentialAppTests;
			productReference = 964881D72DBBE1C4007E2D46 /* EssentialAppTests.xctest */;
			productType = "com.apple.product-type.bundle.unit-test";
		};
/* End PBXNativeTarget section */

/* Begin PBXProject section */
		964881B92DBBE1C3007E2D46 /* Project object */ = {
			isa = PBXProject;
			attributes = {
				BuildIndependentTargetsInParallel = 1;
				LastSwiftUpdateCheck = 1630;
				LastUpgradeCheck = 1630;
				TargetAttributes = {
					964881C02DBBE1C3007E2D46 = {
						CreatedOnToolsVersion = 16.3;
					};
					964881D62DBBE1C4007E2D46 = {
						CreatedOnToolsVersion = 16.3;
						TestTargetID = 964881C02DBBE1C3007E2D46;
					};
				};
			};
			buildConfigurationList = 964881BC2DBBE1C3007E2D46 /* Build configuration list for PBXProject "EssentialApp" */;
			developmentRegion = en;
			hasScannedForEncodings = 0;
			knownRegions = (
				en,
				Base,
			);
			mainGroup = 964881B82DBBE1C3007E2D46;
			minimizedProjectReferenceProxies = 1;
			preferredProjectObjectVersion = 77;
			productRefGroup = 964881C22DBBE1C3007E2D46 /* Products */;
			projectDirPath = "";
			projectRoot = "";
			targets = (
				964881C02DBBE1C3007E2D46 /* EssentialApp */,
				964881D62DBBE1C4007E2D46 /* EssentialAppTests */,
			);
		};
/* End PBXProject section */

/* Begin PBXResourcesBuildPhase section */
		964881BF2DBBE1C3007E2D46 /* Resources */ = {
			isa = PBXResourcesBuildPhase;
			buildActionMask = 2147483647;
			files = (
				964882182DBBE1EC007E2D46 /* Assets.xcassets in Resources */,
				9648821A2DBBE1EC007E2D46 /* LaunchScreen.storyboard in Resources */,
				9648821B2DBBE1EC007E2D46 /* Main.storyboard in Resources */,
				964882442DBCFAE5007E2D46 /* EssentialAppTestPlan.xctestplan in Resources */,
				961B3ABD2DBD474A0052EB77 /* EssentialAppCITestPlan.xctestplan in Resources */,
			);
			runOnlyForDeploymentPostprocessing = 0;
		};
		964881D52DBBE1C4007E2D46 /* Resources */ = {
			isa = PBXResourcesBuildPhase;
			buildActionMask = 2147483647;
			files = (
			);
			runOnlyForDeploymentPostprocessing = 0;
		};
/* End PBXResourcesBuildPhase section */

/* Begin PBXSourcesBuildPhase section */
		964881BD2DBBE1C3007E2D46 /* Sources */ = {
			isa = PBXSourcesBuildPhase;
			buildActionMask = 2147483647;
			files = (
				964882152DBBE1EC007E2D46 /* AppDelegate.swift in Sources */,
				964882162DBBE1EC007E2D46 /* SceneDelegate.swift in Sources */,
				961B3AB22DBD05920052EB77 /* FeedLoaderWithFallbackComposite.swift in Sources */,
				964882172DBBE1EC007E2D46 /* ViewController.swift in Sources */,
				961B3ABB2DBD066B0052EB77 /* FeedImageDataLoaderWithFallbackComposite.swift in Sources */,
			);
			runOnlyForDeploymentPostprocessing = 0;
		};
		964881D32DBBE1C4007E2D46 /* Sources */ = {
			isa = PBXSourcesBuildPhase;
			buildActionMask = 2147483647;
			files = (
				961B3AB92DBD06470052EB77 /* FeedImageDataLoaderWithFallbackCompositeTests.swift in Sources */,
				961B3AC32DBE4FCA0052EB77 /* XCTestCase+FeedLoader.swift in Sources */,
				961B3ABF2DBE4C940052EB77 /* FeedLoaderCacheDecoratorTests.swift in Sources */,
				961B3AB42DBD05F10052EB77 /* SharedTestHelpers.swift in Sources */,
				9648821E2DBBE1EF007E2D46 /* FeedLoaderWithFallbackCompositeTests.swift in Sources */,
				961B3AC12DBE4ECE0052EB77 /* FeedLoaderStub.swift in Sources */,
				961B3AB72DBD06220052EB77 /* XCTestCase+MemoryLeakTracking.swift in Sources */,
			);
			runOnlyForDeploymentPostprocessing = 0;
		};
/* End PBXSourcesBuildPhase section */

/* Begin PBXTargetDependency section */
		964881D92DBBE1C4007E2D46 /* PBXTargetDependency */ = {
			isa = PBXTargetDependency;
			target = 964881C02DBBE1C3007E2D46 /* EssentialApp */;
			targetProxy = 964881D82DBBE1C4007E2D46 /* PBXContainerItemProxy */;
		};
/* End PBXTargetDependency section */

/* Begin PBXVariantGroup section */
		9648820F2DBBE1EC007E2D46 /* LaunchScreen.storyboard */ = {
			isa = PBXVariantGroup;
			children = (
				9648820E2DBBE1EC007E2D46 /* Base */,
			);
			name = LaunchScreen.storyboard;
			sourceTree = "<group>";
		};
		964882112DBBE1EC007E2D46 /* Main.storyboard */ = {
			isa = PBXVariantGroup;
			children = (
				964882102DBBE1EC007E2D46 /* Base */,
			);
			name = Main.storyboard;
			sourceTree = "<group>";
		};
/* End PBXVariantGroup section */

/* Begin XCBuildConfiguration section */
		964881EB2DBBE1C4007E2D46 /* Debug */ = {
			isa = XCBuildConfiguration;
			buildSettings = {
				ASSETCATALOG_COMPILER_APPICON_NAME = AppIcon;
				ASSETCATALOG_COMPILER_GLOBAL_ACCENT_COLOR_NAME = AccentColor;
				CODE_SIGN_STYLE = Automatic;
				CURRENT_PROJECT_VERSION = 1;
				GENERATE_INFOPLIST_FILE = YES;
				INFOPLIST_FILE = EssentialApp/Info.plist;
				INFOPLIST_KEY_UIApplicationSupportsIndirectInputEvents = YES;
				INFOPLIST_KEY_UILaunchStoryboardName = LaunchScreen;
				INFOPLIST_KEY_UIMainStoryboardFile = Main;
				INFOPLIST_KEY_UISupportedInterfaceOrientations = UIInterfaceOrientationPortrait;
				IPHONEOS_DEPLOYMENT_TARGET = 18.0;
				LD_RUNPATH_SEARCH_PATHS = (
					"$(inherited)",
					"@executable_path/Frameworks",
				);
				MARKETING_VERSION = 1.0;
				PRODUCT_BUNDLE_IDENTIFIER = com.essentialdeveloper.EssentialFeed.EssentialApp;
				PRODUCT_NAME = "$(TARGET_NAME)";
				SUPPORTED_PLATFORMS = "iphoneos iphonesimulator";
				SUPPORTS_MACCATALYST = NO;
				SUPPORTS_MAC_DESIGNED_FOR_IPHONE_IPAD = NO;
				SUPPORTS_XR_DESIGNED_FOR_IPHONE_IPAD = NO;
				SWIFT_EMIT_LOC_STRINGS = YES;
				SWIFT_VERSION = 5.0;
				TARGETED_DEVICE_FAMILY = "1,2";
			};
			name = Debug;
		};
		964881EC2DBBE1C4007E2D46 /* Release */ = {
			isa = XCBuildConfiguration;
			buildSettings = {
				ASSETCATALOG_COMPILER_APPICON_NAME = AppIcon;
				ASSETCATALOG_COMPILER_GLOBAL_ACCENT_COLOR_NAME = AccentColor;
				CODE_SIGN_STYLE = Automatic;
				CURRENT_PROJECT_VERSION = 1;
				GENERATE_INFOPLIST_FILE = YES;
				INFOPLIST_FILE = EssentialApp/Info.plist;
				INFOPLIST_KEY_UIApplicationSupportsIndirectInputEvents = YES;
				INFOPLIST_KEY_UILaunchStoryboardName = LaunchScreen;
				INFOPLIST_KEY_UIMainStoryboardFile = Main;
				INFOPLIST_KEY_UISupportedInterfaceOrientations = UIInterfaceOrientationPortrait;
				IPHONEOS_DEPLOYMENT_TARGET = 18.0;
				LD_RUNPATH_SEARCH_PATHS = (
					"$(inherited)",
					"@executable_path/Frameworks",
				);
				MARKETING_VERSION = 1.0;
				PRODUCT_BUNDLE_IDENTIFIER = com.essentialdeveloper.EssentialFeed.EssentialApp;
				PRODUCT_NAME = "$(TARGET_NAME)";
				SUPPORTED_PLATFORMS = "iphoneos iphonesimulator";
				SUPPORTS_MACCATALYST = NO;
				SUPPORTS_MAC_DESIGNED_FOR_IPHONE_IPAD = NO;
				SUPPORTS_XR_DESIGNED_FOR_IPHONE_IPAD = NO;
				SWIFT_EMIT_LOC_STRINGS = YES;
				SWIFT_VERSION = 5.0;
				TARGETED_DEVICE_FAMILY = "1,2";
			};
			name = Release;
		};
		964881ED2DBBE1C4007E2D46 /* Debug */ = {
			isa = XCBuildConfiguration;
			buildSettings = {
				ALWAYS_SEARCH_USER_PATHS = NO;
				ASSETCATALOG_COMPILER_GENERATE_SWIFT_ASSET_SYMBOL_EXTENSIONS = YES;
				CLANG_ANALYZER_NONNULL = YES;
				CLANG_ANALYZER_NUMBER_OBJECT_CONVERSION = YES_AGGRESSIVE;
				CLANG_CXX_LANGUAGE_STANDARD = "gnu++20";
				CLANG_ENABLE_MODULES = YES;
				CLANG_ENABLE_OBJC_ARC = YES;
				CLANG_ENABLE_OBJC_WEAK = YES;
				CLANG_WARN_BLOCK_CAPTURE_AUTORELEASING = YES;
				CLANG_WARN_BOOL_CONVERSION = YES;
				CLANG_WARN_COMMA = YES;
				CLANG_WARN_CONSTANT_CONVERSION = YES;
				CLANG_WARN_DEPRECATED_OBJC_IMPLEMENTATIONS = YES;
				CLANG_WARN_DIRECT_OBJC_ISA_USAGE = YES_ERROR;
				CLANG_WARN_DOCUMENTATION_COMMENTS = YES;
				CLANG_WARN_EMPTY_BODY = YES;
				CLANG_WARN_ENUM_CONVERSION = YES;
				CLANG_WARN_INFINITE_RECURSION = YES;
				CLANG_WARN_INT_CONVERSION = YES;
				CLANG_WARN_NON_LITERAL_NULL_CONVERSION = YES;
				CLANG_WARN_OBJC_IMPLICIT_RETAIN_SELF = YES;
				CLANG_WARN_OBJC_LITERAL_CONVERSION = YES;
				CLANG_WARN_OBJC_ROOT_CLASS = YES_ERROR;
				CLANG_WARN_QUOTED_INCLUDE_IN_FRAMEWORK_HEADER = YES;
				CLANG_WARN_RANGE_LOOP_ANALYSIS = YES;
				CLANG_WARN_STRICT_PROTOTYPES = YES;
				CLANG_WARN_SUSPICIOUS_MOVE = YES;
				CLANG_WARN_UNGUARDED_AVAILABILITY = YES_AGGRESSIVE;
				CLANG_WARN_UNREACHABLE_CODE = YES;
				CLANG_WARN__DUPLICATE_METHOD_MATCH = YES;
				COPY_PHASE_STRIP = NO;
				DEBUG_INFORMATION_FORMAT = dwarf;
				ENABLE_STRICT_OBJC_MSGSEND = YES;
				ENABLE_TESTABILITY = YES;
				ENABLE_USER_SCRIPT_SANDBOXING = YES;
				GCC_C_LANGUAGE_STANDARD = gnu17;
				GCC_DYNAMIC_NO_PIC = NO;
				GCC_NO_COMMON_BLOCKS = YES;
				GCC_OPTIMIZATION_LEVEL = 0;
				GCC_PREPROCESSOR_DEFINITIONS = (
					"DEBUG=1",
					"$(inherited)",
				);
				GCC_WARN_64_TO_32_BIT_CONVERSION = YES;
				GCC_WARN_ABOUT_RETURN_TYPE = YES_ERROR;
				GCC_WARN_UNDECLARED_SELECTOR = YES;
				GCC_WARN_UNINITIALIZED_AUTOS = YES_AGGRESSIVE;
				GCC_WARN_UNUSED_FUNCTION = YES;
				GCC_WARN_UNUSED_VARIABLE = YES;
				IPHONEOS_DEPLOYMENT_TARGET = 18.4;
				LOCALIZATION_PREFERS_STRING_CATALOGS = YES;
				MTL_ENABLE_DEBUG_INFO = INCLUDE_SOURCE;
				MTL_FAST_MATH = YES;
				ONLY_ACTIVE_ARCH = YES;
				SDKROOT = iphoneos;
				SWIFT_ACTIVE_COMPILATION_CONDITIONS = "DEBUG $(inherited)";
				SWIFT_OPTIMIZATION_LEVEL = "-Onone";
			};
			name = Debug;
		};
		964881EE2DBBE1C4007E2D46 /* Release */ = {
			isa = XCBuildConfiguration;
			buildSettings = {
				ALWAYS_SEARCH_USER_PATHS = NO;
				ASSETCATALOG_COMPILER_GENERATE_SWIFT_ASSET_SYMBOL_EXTENSIONS = YES;
				CLANG_ANALYZER_NONNULL = YES;
				CLANG_ANALYZER_NUMBER_OBJECT_CONVERSION = YES_AGGRESSIVE;
				CLANG_CXX_LANGUAGE_STANDARD = "gnu++20";
				CLANG_ENABLE_MODULES = YES;
				CLANG_ENABLE_OBJC_ARC = YES;
				CLANG_ENABLE_OBJC_WEAK = YES;
				CLANG_WARN_BLOCK_CAPTURE_AUTORELEASING = YES;
				CLANG_WARN_BOOL_CONVERSION = YES;
				CLANG_WARN_COMMA = YES;
				CLANG_WARN_CONSTANT_CONVERSION = YES;
				CLANG_WARN_DEPRECATED_OBJC_IMPLEMENTATIONS = YES;
				CLANG_WARN_DIRECT_OBJC_ISA_USAGE = YES_ERROR;
				CLANG_WARN_DOCUMENTATION_COMMENTS = YES;
				CLANG_WARN_EMPTY_BODY = YES;
				CLANG_WARN_ENUM_CONVERSION = YES;
				CLANG_WARN_INFINITE_RECURSION = YES;
				CLANG_WARN_INT_CONVERSION = YES;
				CLANG_WARN_NON_LITERAL_NULL_CONVERSION = YES;
				CLANG_WARN_OBJC_IMPLICIT_RETAIN_SELF = YES;
				CLANG_WARN_OBJC_LITERAL_CONVERSION = YES;
				CLANG_WARN_OBJC_ROOT_CLASS = YES_ERROR;
				CLANG_WARN_QUOTED_INCLUDE_IN_FRAMEWORK_HEADER = YES;
				CLANG_WARN_RANGE_LOOP_ANALYSIS = YES;
				CLANG_WARN_STRICT_PROTOTYPES = YES;
				CLANG_WARN_SUSPICIOUS_MOVE = YES;
				CLANG_WARN_UNGUARDED_AVAILABILITY = YES_AGGRESSIVE;
				CLANG_WARN_UNREACHABLE_CODE = YES;
				CLANG_WARN__DUPLICATE_METHOD_MATCH = YES;
				COPY_PHASE_STRIP = NO;
				DEBUG_INFORMATION_FORMAT = "dwarf-with-dsym";
				ENABLE_NS_ASSERTIONS = NO;
				ENABLE_STRICT_OBJC_MSGSEND = YES;
				ENABLE_USER_SCRIPT_SANDBOXING = YES;
				GCC_C_LANGUAGE_STANDARD = gnu17;
				GCC_NO_COMMON_BLOCKS = YES;
				GCC_WARN_64_TO_32_BIT_CONVERSION = YES;
				GCC_WARN_ABOUT_RETURN_TYPE = YES_ERROR;
				GCC_WARN_UNDECLARED_SELECTOR = YES;
				GCC_WARN_UNINITIALIZED_AUTOS = YES_AGGRESSIVE;
				GCC_WARN_UNUSED_FUNCTION = YES;
				GCC_WARN_UNUSED_VARIABLE = YES;
				IPHONEOS_DEPLOYMENT_TARGET = 18.4;
				LOCALIZATION_PREFERS_STRING_CATALOGS = YES;
				MTL_ENABLE_DEBUG_INFO = NO;
				MTL_FAST_MATH = YES;
				SDKROOT = iphoneos;
				SWIFT_COMPILATION_MODE = wholemodule;
				VALIDATE_PRODUCT = YES;
			};
			name = Release;
		};
		964881F02DBBE1C4007E2D46 /* Debug */ = {
			isa = XCBuildConfiguration;
			buildSettings = {
				BUNDLE_LOADER = "$(TEST_HOST)";
				CODE_SIGN_STYLE = Automatic;
				CURRENT_PROJECT_VERSION = 1;
				GENERATE_INFOPLIST_FILE = YES;
				IPHONEOS_DEPLOYMENT_TARGET = 18.0;
				MARKETING_VERSION = 1.0;
				PRODUCT_BUNDLE_IDENTIFIER = com.essentialdeveloper.EssentialFeed.EssentialAppTests;
				PRODUCT_NAME = "$(TARGET_NAME)";
				SUPPORTED_PLATFORMS = "iphoneos iphonesimulator";
				SUPPORTS_MACCATALYST = NO;
				SUPPORTS_MAC_DESIGNED_FOR_IPHONE_IPAD = NO;
				SUPPORTS_XR_DESIGNED_FOR_IPHONE_IPAD = NO;
				SWIFT_EMIT_LOC_STRINGS = NO;
				SWIFT_VERSION = 5.0;
				TARGETED_DEVICE_FAMILY = "1,2";
				TEST_HOST = "$(BUILT_PRODUCTS_DIR)/EssentialApp.app/$(BUNDLE_EXECUTABLE_FOLDER_PATH)/EssentialApp";
			};
			name = Debug;
		};
		964881F12DBBE1C4007E2D46 /* Release */ = {
			isa = XCBuildConfiguration;
			buildSettings = {
				BUNDLE_LOADER = "$(TEST_HOST)";
				CODE_SIGN_STYLE = Automatic;
				CURRENT_PROJECT_VERSION = 1;
				GENERATE_INFOPLIST_FILE = YES;
				IPHONEOS_DEPLOYMENT_TARGET = 18.0;
				MARKETING_VERSION = 1.0;
				PRODUCT_BUNDLE_IDENTIFIER = com.essentialdeveloper.EssentialFeed.EssentialAppTests;
				PRODUCT_NAME = "$(TARGET_NAME)";
				SUPPORTED_PLATFORMS = "iphoneos iphonesimulator";
				SUPPORTS_MACCATALYST = NO;
				SUPPORTS_MAC_DESIGNED_FOR_IPHONE_IPAD = NO;
				SUPPORTS_XR_DESIGNED_FOR_IPHONE_IPAD = NO;
				SWIFT_EMIT_LOC_STRINGS = NO;
				SWIFT_VERSION = 5.0;
				TARGETED_DEVICE_FAMILY = "1,2";
				TEST_HOST = "$(BUILT_PRODUCTS_DIR)/EssentialApp.app/$(BUNDLE_EXECUTABLE_FOLDER_PATH)/EssentialApp";
			};
			name = Release;
		};
/* End XCBuildConfiguration section */

/* Begin XCConfigurationList section */
		964881BC2DBBE1C3007E2D46 /* Build configuration list for PBXProject "EssentialApp" */ = {
			isa = XCConfigurationList;
			buildConfigurations = (
				964881ED2DBBE1C4007E2D46 /* Debug */,
				964881EE2DBBE1C4007E2D46 /* Release */,
			);
			defaultConfigurationIsVisible = 0;
			defaultConfigurationName = Release;
		};
		964881EA2DBBE1C4007E2D46 /* Build configuration list for PBXNativeTarget "EssentialApp" */ = {
			isa = XCConfigurationList;
			buildConfigurations = (
				964881EB2DBBE1C4007E2D46 /* Debug */,
				964881EC2DBBE1C4007E2D46 /* Release */,
			);
			defaultConfigurationIsVisible = 0;
			defaultConfigurationName = Release;
		};
		964881EF2DBBE1C4007E2D46 /* Build configuration list for PBXNativeTarget "EssentialAppTests" */ = {
			isa = XCConfigurationList;
			buildConfigurations = (
				964881F02DBBE1C4007E2D46 /* Debug */,
				964881F12DBBE1C4007E2D46 /* Release */,
			);
			defaultConfigurationIsVisible = 0;
			defaultConfigurationName = Release;
		};
/* End XCConfigurationList section */
	};
	rootObject = 964881B92DBBE1C3007E2D46 /* Project object */;
}
